// !$*UTF8*$!
{
	archiveVersion = 1;
	classes = {
	};
	objectVersion = 50;
	objects = {

/* Begin PBXBuildFile section */
		28331CCE26DE15C10062B29D /* AppDelegate.swift in Sources */ = {isa = PBXBuildFile; fileRef = 28331CCD26DE15C10062B29D /* AppDelegate.swift */; };
		28331CD026DE15C10062B29D /* SceneDelegate.swift in Sources */ = {isa = PBXBuildFile; fileRef = 28331CCF26DE15C10062B29D /* SceneDelegate.swift */; };
		28331CD526DE15C10062B29D /* Main.storyboard in Resources */ = {isa = PBXBuildFile; fileRef = 28331CD326DE15C10062B29D /* Main.storyboard */; };
		28331CD726DE15C50062B29D /* Assets.xcassets in Resources */ = {isa = PBXBuildFile; fileRef = 28331CD626DE15C50062B29D /* Assets.xcassets */; };
		28331CDA26DE15C50062B29D /* LaunchScreen.storyboard in Resources */ = {isa = PBXBuildFile; fileRef = 28331CD826DE15C50062B29D /* LaunchScreen.storyboard */; };
		28331CE326DE168D0062B29D /* libsqlite3.tbd in Frameworks */ = {isa = PBXBuildFile; fileRef = 28331CE226DE168D0062B29D /* libsqlite3.tbd */; };
		28331CF026DE16CE0062B29D /* FMDatabasePool.m in Sources */ = {isa = PBXBuildFile; fileRef = 28331CE526DE16C70062B29D /* FMDatabasePool.m */; };
		28331CF126DE16CE0062B29D /* FMResultSet.m in Sources */ = {isa = PBXBuildFile; fileRef = 28331CE826DE16C90062B29D /* FMResultSet.m */; };
		28331CF226DE16CE0062B29D /* FMDatabaseAdditions.m in Sources */ = {isa = PBXBuildFile; fileRef = 28331CE926DE16CA0062B29D /* FMDatabaseAdditions.m */; };
		28331CF326DE16CE0062B29D /* FMDatabaseQueue.m in Sources */ = {isa = PBXBuildFile; fileRef = 28331CEC26DE16CC0062B29D /* FMDatabaseQueue.m */; };
		28331CF426DE16CE0062B29D /* FMDatabase.m in Sources */ = {isa = PBXBuildFile; fileRef = 28331CEE26DE16CD0062B29D /* FMDatabase.m */; };
		28331CF726DE1A0B0062B29D /* DepartmentListVC.swift in Sources */ = {isa = PBXBuildFile; fileRef = 28331CF626DE1A0B0062B29D /* DepartmentListVC.swift */; };
		28331CF926DE1A1B0062B29D /* EmployeeListVC.swift in Sources */ = {isa = PBXBuildFile; fileRef = 28331CF826DE1A1B0062B29D /* EmployeeListVC.swift */; };
		28331CFB26DE1B120062B29D /* hr.sqlite in Resources */ = {isa = PBXBuildFile; fileRef = 28331CFA26DE1B120062B29D /* hr.sqlite */; };
		28331CFF26DE1C510062B29D /* DepartmentDAO.swift in Sources */ = {isa = PBXBuildFile; fileRef = 28331CFE26DE1C510062B29D /* DepartmentDAO.swift */; };
		28331D0226DE299E0062B29D /* EmployeeDAO.swift in Sources */ = {isa = PBXBuildFile; fileRef = 28331D0126DE299E0062B29D /* EmployeeDAO.swift */; };
		28331D0426DE40D80062B29D /* PickerController.swift in Sources */ = {isa = PBXBuildFile; fileRef = 28331D0326DE40D80062B29D /* PickerController.swift */; };
/* End PBXBuildFile section */

/* Begin PBXFileReference section */
		28331CCA26DE15C10062B29D /* FMDBPractice.app */ = {isa = PBXFileReference; explicitFileType = wrapper.application; includeInIndex = 0; path = FMDBPractice.app; sourceTree = BUILT_PRODUCTS_DIR; };
		28331CCD26DE15C10062B29D /* AppDelegate.swift */ = {isa = PBXFileReference; lastKnownFileType = sourcecode.swift; path = AppDelegate.swift; sourceTree = "<group>"; };
		28331CCF26DE15C10062B29D /* SceneDelegate.swift */ = {isa = PBXFileReference; lastKnownFileType = sourcecode.swift; path = SceneDelegate.swift; sourceTree = "<group>"; };
		28331CD426DE15C10062B29D /* Base */ = {isa = PBXFileReference; lastKnownFileType = file.storyboard; name = Base; path = Base.lproj/Main.storyboard; sourceTree = "<group>"; };
		28331CD626DE15C50062B29D /* Assets.xcassets */ = {isa = PBXFileReference; lastKnownFileType = folder.assetcatalog; path = Assets.xcassets; sourceTree = "<group>"; };
		28331CD926DE15C50062B29D /* Base */ = {isa = PBXFileReference; lastKnownFileType = file.storyboard; name = Base; path = Base.lproj/LaunchScreen.storyboard; sourceTree = "<group>"; };
		28331CDB26DE15C50062B29D /* Info.plist */ = {isa = PBXFileReference; lastKnownFileType = text.plist.xml; path = Info.plist; sourceTree = "<group>"; };
		28331CE226DE168D0062B29D /* libsqlite3.tbd */ = {isa = PBXFileReference; lastKnownFileType = "sourcecode.text-based-dylib-definition"; name = libsqlite3.tbd; path = usr/lib/libsqlite3.tbd; sourceTree = SDKROOT; };
		28331CE426DE16C50062B29D /* FMDBPractice-Bridging-Header.h */ = {isa = PBXFileReference; lastKnownFileType = sourcecode.c.h; path = "FMDBPractice-Bridging-Header.h"; sourceTree = "<group>"; };
		28331CE526DE16C70062B29D /* FMDatabasePool.m */ = {isa = PBXFileReference; fileEncoding = 4; lastKnownFileType = sourcecode.c.objc; path = FMDatabasePool.m; sourceTree = "<group>"; };
		28331CE626DE16C70062B29D /* FMDB.h */ = {isa = PBXFileReference; fileEncoding = 4; lastKnownFileType = sourcecode.c.h; path = FMDB.h; sourceTree = "<group>"; };
		28331CE726DE16C80062B29D /* FMResultSet.h */ = {isa = PBXFileReference; fileEncoding = 4; lastKnownFileType = sourcecode.c.h; path = FMResultSet.h; sourceTree = "<group>"; };
		28331CE826DE16C90062B29D /* FMResultSet.m */ = {isa = PBXFileReference; fileEncoding = 4; lastKnownFileType = sourcecode.c.objc; path = FMResultSet.m; sourceTree = "<group>"; };
		28331CE926DE16CA0062B29D /* FMDatabaseAdditions.m */ = {isa = PBXFileReference; fileEncoding = 4; lastKnownFileType = sourcecode.c.objc; path = FMDatabaseAdditions.m; sourceTree = "<group>"; };
		28331CEA26DE16CA0062B29D /* FMDatabasePool.h */ = {isa = PBXFileReference; fileEncoding = 4; lastKnownFileType = sourcecode.c.h; path = FMDatabasePool.h; sourceTree = "<group>"; };
		28331CEB26DE16CB0062B29D /* FMDatabaseQueue.h */ = {isa = PBXFileReference; fileEncoding = 4; lastKnownFileType = sourcecode.c.h; path = FMDatabaseQueue.h; sourceTree = "<group>"; };
		28331CEC26DE16CC0062B29D /* FMDatabaseQueue.m */ = {isa = PBXFileReference; fileEncoding = 4; lastKnownFileType = sourcecode.c.objc; path = FMDatabaseQueue.m; sourceTree = "<group>"; };
		28331CED26DE16CC0062B29D /* FMDatabase.h */ = {isa = PBXFileReference; fileEncoding = 4; lastKnownFileType = sourcecode.c.h; path = FMDatabase.h; sourceTree = "<group>"; };
		28331CEE26DE16CD0062B29D /* FMDatabase.m */ = {isa = PBXFileReference; fileEncoding = 4; lastKnownFileType = sourcecode.c.objc; path = FMDatabase.m; sourceTree = "<group>"; };
		28331CEF26DE16CE0062B29D /* FMDatabaseAdditions.h */ = {isa = PBXFileReference; fileEncoding = 4; lastKnownFileType = sourcecode.c.h; path = FMDatabaseAdditions.h; sourceTree = "<group>"; };
		28331CF626DE1A0B0062B29D /* DepartmentListVC.swift */ = {isa = PBXFileReference; lastKnownFileType = sourcecode.swift; path = DepartmentListVC.swift; sourceTree = "<group>"; };
		28331CF826DE1A1B0062B29D /* EmployeeListVC.swift */ = {isa = PBXFileReference; lastKnownFileType = sourcecode.swift; path = EmployeeListVC.swift; sourceTree = "<group>"; };
		28331CFA26DE1B120062B29D /* hr.sqlite */ = {isa = PBXFileReference; lastKnownFileType = file; path = hr.sqlite; sourceTree = "<group>"; };
		28331CFE26DE1C510062B29D /* DepartmentDAO.swift */ = {isa = PBXFileReference; lastKnownFileType = sourcecode.swift; path = DepartmentDAO.swift; sourceTree = "<group>"; };
		28331D0126DE299E0062B29D /* EmployeeDAO.swift */ = {isa = PBXFileReference; lastKnownFileType = sourcecode.swift; path = EmployeeDAO.swift; sourceTree = "<group>"; };
		28331D0326DE40D80062B29D /* PickerController.swift */ = {isa = PBXFileReference; lastKnownFileType = sourcecode.swift; path = PickerController.swift; sourceTree = "<group>"; };
/* End PBXFileReference section */

/* Begin PBXFrameworksBuildPhase section */
		28331CC726DE15C10062B29D /* Frameworks */ = {
			isa = PBXFrameworksBuildPhase;
			buildActionMask = 2147483647;
			files = (
				28331CE326DE168D0062B29D /* libsqlite3.tbd in Frameworks */,
			);
			runOnlyForDeploymentPostprocessing = 0;
		};
/* End PBXFrameworksBuildPhase section */

/* Begin PBXGroup section */
		28331CC126DE15C10062B29D = {
			isa = PBXGroup;
			children = (
				28331CCC26DE15C10062B29D /* FMDBPractice */,
				28331CCB26DE15C10062B29D /* Products */,
				28331CE126DE168D0062B29D /* Frameworks */,
			);
			sourceTree = "<group>";
		};
		28331CCB26DE15C10062B29D /* Products */ = {
			isa = PBXGroup;
			children = (
				28331CCA26DE15C10062B29D /* FMDBPractice.app */,
			);
			name = Products;
			sourceTree = "<group>";
		};
		28331CCC26DE15C10062B29D /* FMDBPractice */ = {
			isa = PBXGroup;
			children = (
				28331CF526DE16D60062B29D /* FMDB */,
				28331CE426DE16C50062B29D /* FMDBPractice-Bridging-Header.h */,
				28331CCD26DE15C10062B29D /* AppDelegate.swift */,
				28331CCF26DE15C10062B29D /* SceneDelegate.swift */,
				28331D0026DE1C5F0062B29D /* Model */,
				28331CFC26DE1C220062B29D /* Controller */,
				28331CFD26DE1C3D0062B29D /* View */,
				28331CFA26DE1B120062B29D /* hr.sqlite */,
				28331CD626DE15C50062B29D /* Assets.xcassets */,
				28331CD826DE15C50062B29D /* LaunchScreen.storyboard */,
				28331CDB26DE15C50062B29D /* Info.plist */,
			);
			path = FMDBPractice;
			sourceTree = "<group>";
		};
		28331CE126DE168D0062B29D /* Frameworks */ = {
			isa = PBXGroup;
			children = (
				28331CE226DE168D0062B29D /* libsqlite3.tbd */,
			);
			name = Frameworks;
			sourceTree = "<group>";
		};
		28331CF526DE16D60062B29D /* FMDB */ = {
			isa = PBXGroup;
			children = (
				28331CED26DE16CC0062B29D /* FMDatabase.h */,
				28331CEE26DE16CD0062B29D /* FMDatabase.m */,
				28331CEF26DE16CE0062B29D /* FMDatabaseAdditions.h */,
				28331CE926DE16CA0062B29D /* FMDatabaseAdditions.m */,
				28331CEA26DE16CA0062B29D /* FMDatabasePool.h */,
				28331CE526DE16C70062B29D /* FMDatabasePool.m */,
				28331CEB26DE16CB0062B29D /* FMDatabaseQueue.h */,
				28331CEC26DE16CC0062B29D /* FMDatabaseQueue.m */,
				28331CE626DE16C70062B29D /* FMDB.h */,
				28331CE726DE16C80062B29D /* FMResultSet.h */,
				28331CE826DE16C90062B29D /* FMResultSet.m */,
			);
			path = FMDB;
			sourceTree = "<group>";
		};
		28331CFC26DE1C220062B29D /* Controller */ = {
			isa = PBXGroup;
			children = (
				28331CF626DE1A0B0062B29D /* DepartmentListVC.swift */,
				28331CF826DE1A1B0062B29D /* EmployeeListVC.swift */,
				28331D0326DE40D80062B29D /* PickerController.swift */,
			);
			path = Controller;
			sourceTree = "<group>";
		};
		28331CFD26DE1C3D0062B29D /* View */ = {
			isa = PBXGroup;
			children = (
				28331CD326DE15C10062B29D /* Main.storyboard */,
			);
			path = View;
			sourceTree = "<group>";
		};
		28331D0026DE1C5F0062B29D /* Model */ = {
			isa = PBXGroup;
			children = (
				28331CFE26DE1C510062B29D /* DepartmentDAO.swift */,
				28331D0126DE299E0062B29D /* EmployeeDAO.swift */,
			);
			path = Model;
			sourceTree = "<group>";
		};
/* End PBXGroup section */

/* Begin PBXNativeTarget section */
		28331CC926DE15C10062B29D /* FMDBPractice */ = {
			isa = PBXNativeTarget;
			buildConfigurationList = 28331CDE26DE15C50062B29D /* Build configuration list for PBXNativeTarget "FMDBPractice" */;
			buildPhases = (
				28331CC626DE15C10062B29D /* Sources */,
				28331CC726DE15C10062B29D /* Frameworks */,
				28331CC826DE15C10062B29D /* Resources */,
			);
			buildRules = (
			);
			dependencies = (
			);
			name = FMDBPractice;
			productName = FMDBPractice;
			productReference = 28331CCA26DE15C10062B29D /* FMDBPractice.app */;
			productType = "com.apple.product-type.application";
		};
/* End PBXNativeTarget section */

/* Begin PBXProject section */
		28331CC226DE15C10062B29D /* Project object */ = {
			isa = PBXProject;
			attributes = {
				LastSwiftUpdateCheck = 1250;
				LastUpgradeCheck = 1250;
				TargetAttributes = {
					28331CC926DE15C10062B29D = {
						CreatedOnToolsVersion = 12.5.1;
						LastSwiftMigration = 1250;
					};
				};
			};
			buildConfigurationList = 28331CC526DE15C10062B29D /* Build configuration list for PBXProject "FMDBPractice" */;
			compatibilityVersion = "Xcode 9.3";
			developmentRegion = en;
			hasScannedForEncodings = 0;
			knownRegions = (
				en,
				Base,
			);
			mainGroup = 28331CC126DE15C10062B29D;
			productRefGroup = 28331CCB26DE15C10062B29D /* Products */;
			projectDirPath = "";
			projectRoot = "";
			targets = (
				28331CC926DE15C10062B29D /* FMDBPractice */,
			);
		};
/* End PBXProject section */

/* Begin PBXResourcesBuildPhase section */
		28331CC826DE15C10062B29D /* Resources */ = {
			isa = PBXResourcesBuildPhase;
			buildActionMask = 2147483647;
			files = (
				28331CDA26DE15C50062B29D /* LaunchScreen.storyboard in Resources */,
				28331CD726DE15C50062B29D /* Assets.xcassets in Resources */,
				28331CD526DE15C10062B29D /* Main.storyboard in Resources */,
				28331CFB26DE1B120062B29D /* hr.sqlite in Resources */,
			);
			runOnlyForDeploymentPostprocessing = 0;
		};
/* End PBXResourcesBuildPhase section */

/* Begin PBXSourcesBuildPhase section */
		28331CC626DE15C10062B29D /* Sources */ = {
			isa = PBXSourcesBuildPhase;
			buildActionMask = 2147483647;
			files = (
				28331CF026DE16CE0062B29D /* FMDatabasePool.m in Sources */,
				28331D0226DE299E0062B29D /* EmployeeDAO.swift in Sources */,
				28331CCE26DE15C10062B29D /* AppDelegate.swift in Sources */,
				28331D0426DE40D80062B29D /* PickerController.swift in Sources */,
				28331CFF26DE1C510062B29D /* DepartmentDAO.swift in Sources */,
				28331CF726DE1A0B0062B29D /* DepartmentListVC.swift in Sources */,
				28331CF326DE16CE0062B29D /* FMDatabaseQueue.m in Sources */,
				28331CD026DE15C10062B29D /* SceneDelegate.swift in Sources */,
				28331CF126DE16CE0062B29D /* FMResultSet.m in Sources */,
				28331CF926DE1A1B0062B29D /* EmployeeListVC.swift in Sources */,
				28331CF226DE16CE0062B29D /* FMDatabaseAdditions.m in Sources */,
				28331CF426DE16CE0062B29D /* FMDatabase.m in Sources */,
			);
			runOnlyForDeploymentPostprocessing = 0;
		};
/* End PBXSourcesBuildPhase section */

/* Begin PBXVariantGroup section */
		28331CD326DE15C10062B29D /* Main.storyboard */ = {
			isa = PBXVariantGroup;
			children = (
				28331CD426DE15C10062B29D /* Base */,
			);
			name = Main.storyboard;
			sourceTree = "<group>";
		};
		28331CD826DE15C50062B29D /* LaunchScreen.storyboard */ = {
			isa = PBXVariantGroup;
			children = (
				28331CD926DE15C50062B29D /* Base */,
			);
			name = LaunchScreen.storyboard;
			sourceTree = "<group>";
		};
/* End PBXVariantGroup section */

/* Begin XCBuildConfiguration section */
		28331CDC26DE15C50062B29D /* Debug */ = {
			isa = XCBuildConfiguration;
			buildSettings = {
				ALWAYS_SEARCH_USER_PATHS = NO;
				CLANG_ANALYZER_NONNULL = YES;
				CLANG_ANALYZER_NUMBER_OBJECT_CONVERSION = YES_AGGRESSIVE;
				CLANG_CXX_LANGUAGE_STANDARD = "gnu++14";
				CLANG_CXX_LIBRARY = "libc++";
				CLANG_ENABLE_MODULES = YES;
				CLANG_ENABLE_OBJC_ARC = YES;
				CLANG_ENABLE_OBJC_WEAK = YES;
				CLANG_WARN_BLOCK_CAPTURE_AUTORELEASING = YES;
				CLANG_WARN_BOOL_CONVERSION = YES;
				CLANG_WARN_COMMA = YES;
				CLANG_WARN_CONSTANT_CONVERSION = YES;
				CLANG_WARN_DEPRECATED_OBJC_IMPLEMENTATIONS = YES;
				CLANG_WARN_DIRECT_OBJC_ISA_USAGE = YES_ERROR;
				CLANG_WARN_DOCUMENTATION_COMMENTS = YES;
				CLANG_WARN_EMPTY_BODY = YES;
				CLANG_WARN_ENUM_CONVERSION = YES;
				CLANG_WARN_INFINITE_RECURSION = YES;
				CLANG_WARN_INT_CONVERSION = YES;
				CLANG_WARN_NON_LITERAL_NULL_CONVERSION = YES;
				CLANG_WARN_OBJC_IMPLICIT_RETAIN_SELF = YES;
				CLANG_WARN_OBJC_LITERAL_CONVERSION = YES;
				CLANG_WARN_OBJC_ROOT_CLASS = YES_ERROR;
				CLANG_WARN_QUOTED_INCLUDE_IN_FRAMEWORK_HEADER = YES;
				CLANG_WARN_RANGE_LOOP_ANALYSIS = YES;
				CLANG_WARN_STRICT_PROTOTYPES = YES;
				CLANG_WARN_SUSPICIOUS_MOVE = YES;
				CLANG_WARN_UNGUARDED_AVAILABILITY = YES_AGGRESSIVE;
				CLANG_WARN_UNREACHABLE_CODE = YES;
				CLANG_WARN__DUPLICATE_METHOD_MATCH = YES;
				COPY_PHASE_STRIP = NO;
				DEBUG_INFORMATION_FORMAT = dwarf;
				ENABLE_STRICT_OBJC_MSGSEND = YES;
				ENABLE_TESTABILITY = YES;
				GCC_C_LANGUAGE_STANDARD = gnu11;
				GCC_DYNAMIC_NO_PIC = NO;
				GCC_NO_COMMON_BLOCKS = YES;
				GCC_OPTIMIZATION_LEVEL = 0;
				GCC_PREPROCESSOR_DEFINITIONS = (
					"DEBUG=1",
					"$(inherited)",
				);
				GCC_WARN_64_TO_32_BIT_CONVERSION = YES;
				GCC_WARN_ABOUT_RETURN_TYPE = YES_ERROR;
				GCC_WARN_UNDECLARED_SELECTOR = YES;
				GCC_WARN_UNINITIALIZED_AUTOS = YES_AGGRESSIVE;
				GCC_WARN_UNUSED_FUNCTION = YES;
				GCC_WARN_UNUSED_VARIABLE = YES;
				IPHONEOS_DEPLOYMENT_TARGET = 14.5;
				MTL_ENABLE_DEBUG_INFO = INCLUDE_SOURCE;
				MTL_FAST_MATH = YES;
				ONLY_ACTIVE_ARCH = YES;
				SDKROOT = iphoneos;
				SWIFT_ACTIVE_COMPILATION_CONDITIONS = DEBUG;
				SWIFT_OPTIMIZATION_LEVEL = "-Onone";
			};
			name = Debug;
		};
		28331CDD26DE15C50062B29D /* Release */ = {
			isa = XCBuildConfiguration;
			buildSettings = {
				ALWAYS_SEARCH_USER_PATHS = NO;
				CLANG_ANALYZER_NONNULL = YES;
				CLANG_ANALYZER_NUMBER_OBJECT_CONVERSION = YES_AGGRESSIVE;
				CLANG_CXX_LANGUAGE_STANDARD = "gnu++14";
				CLANG_CXX_LIBRARY = "libc++";
				CLANG_ENABLE_MODULES = YES;
				CLANG_ENABLE_OBJC_ARC = YES;
				CLANG_ENABLE_OBJC_WEAK = YES;
				CLANG_WARN_BLOCK_CAPTURE_AUTORELEASING = YES;
				CLANG_WARN_BOOL_CONVERSION = YES;
				CLANG_WARN_COMMA = YES;
				CLANG_WARN_CONSTANT_CONVERSION = YES;
				CLANG_WARN_DEPRECATED_OBJC_IMPLEMENTATIONS = YES;
				CLANG_WARN_DIRECT_OBJC_ISA_USAGE = YES_ERROR;
				CLANG_WARN_DOCUMENTATION_COMMENTS = YES;
				CLANG_WARN_EMPTY_BODY = YES;
				CLANG_WARN_ENUM_CONVERSION = YES;
				CLANG_WARN_INFINITE_RECURSION = YES;
				CLANG_WARN_INT_CONVERSION = YES;
				CLANG_WARN_NON_LITERAL_NULL_CONVERSION = YES;
				CLANG_WARN_OBJC_IMPLICIT_RETAIN_SELF = YES;
				CLANG_WARN_OBJC_LITERAL_CONVERSION = YES;
				CLANG_WARN_OBJC_ROOT_CLASS = YES_ERROR;
				CLANG_WARN_QUOTED_INCLUDE_IN_FRAMEWORK_HEADER = YES;
				CLANG_WARN_RANGE_LOOP_ANALYSIS = YES;
				CLANG_WARN_STRICT_PROTOTYPES = YES;
				CLANG_WARN_SUSPICIOUS_MOVE = YES;
				CLANG_WARN_UNGUARDED_AVAILABILITY = YES_AGGRESSIVE;
				CLANG_WARN_UNREACHABLE_CODE = YES;
				CLANG_WARN__DUPLICATE_METHOD_MATCH = YES;
				COPY_PHASE_STRIP = NO;
				DEBUG_INFORMATION_FORMAT = "dwarf-with-dsym";
				ENABLE_NS_ASSERTIONS = NO;
				ENABLE_STRICT_OBJC_MSGSEND = YES;
				GCC_C_LANGUAGE_STANDARD = gnu11;
				GCC_NO_COMMON_BLOCKS = YES;
				GCC_WARN_64_TO_32_BIT_CONVERSION = YES;
				GCC_WARN_ABOUT_RETURN_TYPE = YES_ERROR;
				GCC_WARN_UNDECLARED_SELECTOR = YES;
				GCC_WARN_UNINITIALIZED_AUTOS = YES_AGGRESSIVE;
				GCC_WARN_UNUSED_FUNCTION = YES;
				GCC_WARN_UNUSED_VARIABLE = YES;
				IPHONEOS_DEPLOYMENT_TARGET = 14.5;
				MTL_ENABLE_DEBUG_INFO = NO;
				MTL_FAST_MATH = YES;
				SDKROOT = iphoneos;
				SWIFT_COMPILATION_MODE = wholemodule;
				SWIFT_OPTIMIZATION_LEVEL = "-O";
				VALIDATE_PRODUCT = YES;
			};
			name = Release;
		};
		28331CDF26DE15C50062B29D /* Debug */ = {
			isa = XCBuildConfiguration;
			buildSettings = {
				ASSETCATALOG_COMPILER_APPICON_NAME = AppIcon;
				ASSETCATALOG_COMPILER_GLOBAL_ACCENT_COLOR_NAME = AccentColor;
				CLANG_ENABLE_MODULES = YES;
				CODE_SIGN_STYLE = Automatic;
				DEVELOPMENT_TEAM = 693WY75AQY;
				INFOPLIST_FILE = FMDBPractice/Info.plist;
				LD_RUNPATH_SEARCH_PATHS = (
					"$(inherited)",
					"@executable_path/Frameworks",
				);
				PRODUCT_BUNDLE_IDENTIFIER = retepgunj.FMDBPractice;
				PRODUCT_NAME = "$(TARGET_NAME)";
				SWIFT_OBJC_BRIDGING_HEADER = "FMDBPractice/FMDBPractice-Bridging-Header.h";
				SWIFT_OPTIMIZATION_LEVEL = "-Onone";
				SWIFT_VERSION = 5.0;
				TARGETED_DEVICE_FAMILY = "1,2";
			};
			name = Debug;
		};
		28331CE026DE15C50062B29D /* Release */ = {
			isa = XCBuildConfiguration;
			buildSettings = {
				ASSETCATALOG_COMPILER_APPICON_NAME = AppIcon;
				ASSETCATALOG_COMPILER_GLOBAL_ACCENT_COLOR_NAME = AccentColor;
				CLANG_ENABLE_MODULES = YES;
				CODE_SIGN_STYLE = Automatic;
				DEVELOPMENT_TEAM = 693WY75AQY;
				INFOPLIST_FILE = FMDBPractice/Info.plist;
				LD_RUNPATH_SEARCH_PATHS = (
					"$(inherited)",
					"@executable_path/Frameworks",
				);
				PRODUCT_BUNDLE_IDENTIFIER = retepgunj.FMDBPractice;
				PRODUCT_NAME = "$(TARGET_NAME)";
				SWIFT_OBJC_BRIDGING_HEADER = "FMDBPractice/FMDBPractice-Bridging-Header.h";
				SWIFT_VERSION = 5.0;
				TARGETED_DEVICE_FAMILY = "1,2";
			};
			name = Release;
		};
/* End XCBuildConfiguration section */

/* Begin XCConfigurationList section */
		28331CC526DE15C10062B29D /* Build configuration list for PBXProject "FMDBPractice" */ = {
			isa = XCConfigurationList;
			buildConfigurations = (
				28331CDC26DE15C50062B29D /* Debug */,
				28331CDD26DE15C50062B29D /* Release */,
			);
			defaultConfigurationIsVisible = 0;
			defaultConfigurationName = Release;
		};
		28331CDE26DE15C50062B29D /* Build configuration list for PBXNativeTarget "FMDBPractice" */ = {
			isa = XCConfigurationList;
			buildConfigurations = (
				28331CDF26DE15C50062B29D /* Debug */,
				28331CE026DE15C50062B29D /* Release */,
			);
			defaultConfigurationIsVisible = 0;
			defaultConfigurationName = Release;
		};
/* End XCConfigurationList section */
	};
	rootObject = 28331CC226DE15C10062B29D /* Project object */;
}
