// !$*UTF8*$!
{
	archiveVersion = 1;
	classes = {
	};
	objectVersion = 50;
	objects = {

/* Begin PBXBuildFile section */
		28849E3725CD3BFD0013D085 /* AppDelegate.swift in Sources */ = {isa = PBXBuildFile; fileRef = 28849E3625CD3BFD0013D085 /* AppDelegate.swift */; };
		28849E3925CD3BFD0013D085 /* SceneDelegate.swift in Sources */ = {isa = PBXBuildFile; fileRef = 28849E3825CD3BFD0013D085 /* SceneDelegate.swift */; };
		28849E3B25CD3BFE0013D085 /* ViewController.swift in Sources */ = {isa = PBXBuildFile; fileRef = 28849E3A25CD3BFE0013D085 /* ViewController.swift */; };
		28849E3E25CD3BFE0013D085 /* Main.storyboard in Resources */ = {isa = PBXBuildFile; fileRef = 28849E3C25CD3BFE0013D085 /* Main.storyboard */; };
		28849E4025CD3C000013D085 /* Assets.xcassets in Resources */ = {isa = PBXBuildFile; fileRef = 28849E3F25CD3C000013D085 /* Assets.xcassets */; };
		28849E4325CD3C000013D085 /* LaunchScreen.storyboard in Resources */ = {isa = PBXBuildFile; fileRef = 28849E4125CD3C000013D085 /* LaunchScreen.storyboard */; };
		28849E4C25CD3E460013D085 /* EditViewController.swift in Sources */ = {isa = PBXBuildFile; fileRef = 28849E4B25CD3E460013D085 /* EditViewController.swift */; };
		28849E5025CD47630013D085 /* lamp-on.png in Resources */ = {isa = PBXBuildFile; fileRef = 28849E4E25CD47630013D085 /* lamp-on.png */; };
		28849E5125CD47630013D085 /* lamp-off.png in Resources */ = {isa = PBXBuildFile; fileRef = 28849E4F25CD47630013D085 /* lamp-off.png */; };
/* End PBXBuildFile section */

/* Begin PBXFileReference section */
		28849E3325CD3BFD0013D085 /* Navigation.app */ = {isa = PBXFileReference; explicitFileType = wrapper.application; includeInIndex = 0; path = Navigation.app; sourceTree = BUILT_PRODUCTS_DIR; };
		28849E3625CD3BFD0013D085 /* AppDelegate.swift */ = {isa = PBXFileReference; lastKnownFileType = sourcecode.swift; path = AppDelegate.swift; sourceTree = "<group>"; };
		28849E3825CD3BFD0013D085 /* SceneDelegate.swift */ = {isa = PBXFileReference; lastKnownFileType = sourcecode.swift; path = SceneDelegate.swift; sourceTree = "<group>"; };
		28849E3A25CD3BFE0013D085 /* ViewController.swift */ = {isa = PBXFileReference; lastKnownFileType = sourcecode.swift; path = ViewController.swift; sourceTree = "<group>"; };
		28849E3D25CD3BFE0013D085 /* Base */ = {isa = PBXFileReference; lastKnownFileType = file.storyboard; name = Base; path = Base.lproj/Main.storyboard; sourceTree = "<group>"; };
		28849E3F25CD3C000013D085 /* Assets.xcassets */ = {isa = PBXFileReference; lastKnownFileType = folder.assetcatalog; path = Assets.xcassets; sourceTree = "<group>"; };
		28849E4225CD3C000013D085 /* Base */ = {isa = PBXFileReference; lastKnownFileType = file.storyboard; name = Base; path = Base.lproj/LaunchScreen.storyboard; sourceTree = "<group>"; };
		28849E4425CD3C000013D085 /* Info.plist */ = {isa = PBXFileReference; lastKnownFileType = text.plist.xml; path = Info.plist; sourceTree = "<group>"; };
		28849E4B25CD3E460013D085 /* EditViewController.swift */ = {isa = PBXFileReference; lastKnownFileType = sourcecode.swift; path = EditViewController.swift; sourceTree = "<group>"; };
		28849E4E25CD47630013D085 /* lamp-on.png */ = {isa = PBXFileReference; lastKnownFileType = image.png; name = "lamp-on.png"; path = "../../AlertMessage/AlertMessage/lamp-on.png"; sourceTree = "<group>"; };
		28849E4F25CD47630013D085 /* lamp-off.png */ = {isa = PBXFileReference; lastKnownFileType = image.png; name = "lamp-off.png"; path = "../../AlertMessage/AlertMessage/lamp-off.png"; sourceTree = "<group>"; };
/* End PBXFileReference section */

/* Begin PBXFrameworksBuildPhase section */
		28849E3025CD3BFD0013D085 /* Frameworks */ = {
			isa = PBXFrameworksBuildPhase;
			buildActionMask = 2147483647;
			files = (
			);
			runOnlyForDeploymentPostprocessing = 0;
		};
/* End PBXFrameworksBuildPhase section */

/* Begin PBXGroup section */
		28849E2A25CD3BFD0013D085 = {
			isa = PBXGroup;
			children = (
				28849E3525CD3BFD0013D085 /* Navigation */,
				28849E3425CD3BFD0013D085 /* Products */,
			);
			sourceTree = "<group>";
		};
		28849E3425CD3BFD0013D085 /* Products */ = {
			isa = PBXGroup;
			children = (
				28849E3325CD3BFD0013D085 /* Navigation.app */,
			);
			name = Products;
			sourceTree = "<group>";
		};
		28849E3525CD3BFD0013D085 /* Navigation */ = {
			isa = PBXGroup;
			children = (
				28849E4F25CD47630013D085 /* lamp-off.png */,
				28849E4E25CD47630013D085 /* lamp-on.png */,
				28849E3625CD3BFD0013D085 /* AppDelegate.swift */,
				28849E3825CD3BFD0013D085 /* SceneDelegate.swift */,
				28849E3A25CD3BFE0013D085 /* ViewController.swift */,
				28849E3C25CD3BFE0013D085 /* Main.storyboard */,
				28849E4B25CD3E460013D085 /* EditViewController.swift */,
				28849E3F25CD3C000013D085 /* Assets.xcassets */,
				28849E4125CD3C000013D085 /* LaunchScreen.storyboard */,
				28849E4425CD3C000013D085 /* Info.plist */,
			);
			path = Navigation;
			sourceTree = "<group>";
		};
/* End PBXGroup section */

/* Begin PBXNativeTarget section */
		28849E3225CD3BFD0013D085 /* Navigation */ = {
			isa = PBXNativeTarget;
			buildConfigurationList = 28849E4725CD3C000013D085 /* Build configuration list for PBXNativeTarget "Navigation" */;
			buildPhases = (
				28849E2F25CD3BFD0013D085 /* Sources */,
				28849E3025CD3BFD0013D085 /* Frameworks */,
				28849E3125CD3BFD0013D085 /* Resources */,
			);
			buildRules = (
			);
			dependencies = (
			);
			name = Navigation;
			productName = Navigation;
			productReference = 28849E3325CD3BFD0013D085 /* Navigation.app */;
			productType = "com.apple.product-type.application";
		};
/* End PBXNativeTarget section */

/* Begin PBXProject section */
		28849E2B25CD3BFD0013D085 /* Project object */ = {
			isa = PBXProject;
			attributes = {
				LastSwiftUpdateCheck = 1240;
				LastUpgradeCheck = 1240;
				TargetAttributes = {
					28849E3225CD3BFD0013D085 = {
						CreatedOnToolsVersion = 12.4;
					};
				};
			};
			buildConfigurationList = 28849E2E25CD3BFD0013D085 /* Build configuration list for PBXProject "Navigation" */;
			compatibilityVersion = "Xcode 9.3";
			developmentRegion = en;
			hasScannedForEncodings = 0;
			knownRegions = (
				en,
				Base,
			);
			mainGroup = 28849E2A25CD3BFD0013D085;
			productRefGroup = 28849E3425CD3BFD0013D085 /* Products */;
			projectDirPath = "";
			projectRoot = "";
			targets = (
				28849E3225CD3BFD0013D085 /* Navigation */,
			);
		};
/* End PBXProject section */

/* Begin PBXResourcesBuildPhase section */
		28849E3125CD3BFD0013D085 /* Resources */ = {
			isa = PBXResourcesBuildPhase;
			buildActionMask = 2147483647;
			files = (
				28849E5125CD47630013D085 /* lamp-off.png in Resources */,
				28849E4325CD3C000013D085 /* LaunchScreen.storyboard in Resources */,
				28849E4025CD3C000013D085 /* Assets.xcassets in Resources */,
				28849E5025CD47630013D085 /* lamp-on.png in Resources */,
				28849E3E25CD3BFE0013D085 /* Main.storyboard in Resources */,
			);
			runOnlyForDeploymentPostprocessing = 0;
		};
/* End PBXResourcesBuildPhase section */

/* Begin PBXSourcesBuildPhase section */
		28849E2F25CD3BFD0013D085 /* Sources */ = {
			isa = PBXSourcesBuildPhase;
			buildActionMask = 2147483647;
			files = (
				28849E4C25CD3E460013D085 /* EditViewController.swift in Sources */,
				28849E3B25CD3BFE0013D085 /* ViewController.swift in Sources */,
				28849E3725CD3BFD0013D085 /* AppDelegate.swift in Sources */,
				28849E3925CD3BFD0013D085 /* SceneDelegate.swift in Sources */,
			);
			runOnlyForDeploymentPostprocessing = 0;
		};
/* End PBXSourcesBuildPhase section */

/* Begin PBXVariantGroup section */
		28849E3C25CD3BFE0013D085 /* Main.storyboard */ = {
			isa = PBXVariantGroup;
			children = (
				28849E3D25CD3BFE0013D085 /* Base */,
			);
			name = Main.storyboard;
			sourceTree = "<group>";
		};
		28849E4125CD3C000013D085 /* LaunchScreen.storyboard */ = {
			isa = PBXVariantGroup;
			children = (
				28849E4225CD3C000013D085 /* Base */,
			);
			name = LaunchScreen.storyboard;
			sourceTree = "<group>";
		};
/* End PBXVariantGroup section */

/* Begin XCBuildConfiguration section */
		28849E4525CD3C000013D085 /* Debug */ = {
			isa = XCBuildConfiguration;
			buildSettings = {
				ALWAYS_SEARCH_USER_PATHS = NO;
				CLANG_ANALYZER_NONNULL = YES;
				CLANG_ANALYZER_NUMBER_OBJECT_CONVERSION = YES_AGGRESSIVE;
				CLANG_CXX_LANGUAGE_STANDARD = "gnu++14";
				CLANG_CXX_LIBRARY = "libc++";
				CLANG_ENABLE_MODULES = YES;
				CLANG_ENABLE_OBJC_ARC = YES;
				CLANG_ENABLE_OBJC_WEAK = YES;
				CLANG_WARN_BLOCK_CAPTURE_AUTORELEASING = YES;
				CLANG_WARN_BOOL_CONVERSION = YES;
				CLANG_WARN_COMMA = YES;
				CLANG_WARN_CONSTANT_CONVERSION = YES;
				CLANG_WARN_DEPRECATED_OBJC_IMPLEMENTATIONS = YES;
				CLANG_WARN_DIRECT_OBJC_ISA_USAGE = YES_ERROR;
				CLANG_WARN_DOCUMENTATION_COMMENTS = YES;
				CLANG_WARN_EMPTY_BODY = YES;
				CLANG_WARN_ENUM_CONVERSION = YES;
				CLANG_WARN_INFINITE_RECURSION = YES;
				CLANG_WARN_INT_CONVERSION = YES;
				CLANG_WARN_NON_LITERAL_NULL_CONVERSION = YES;
				CLANG_WARN_OBJC_IMPLICIT_RETAIN_SELF = YES;
				CLANG_WARN_OBJC_LITERAL_CONVERSION = YES;
				CLANG_WARN_OBJC_ROOT_CLASS = YES_ERROR;
				CLANG_WARN_QUOTED_INCLUDE_IN_FRAMEWORK_HEADER = YES;
				CLANG_WARN_RANGE_LOOP_ANALYSIS = YES;
				CLANG_WARN_STRICT_PROTOTYPES = YES;
				CLANG_WARN_SUSPICIOUS_MOVE = YES;
				CLANG_WARN_UNGUARDED_AVAILABILITY = YES_AGGRESSIVE;
				CLANG_WARN_UNREACHABLE_CODE = YES;
				CLANG_WARN__DUPLICATE_METHOD_MATCH = YES;
				COPY_PHASE_STRIP = NO;
				DEBUG_INFORMATION_FORMAT = dwarf;
				ENABLE_STRICT_OBJC_MSGSEND = YES;
				ENABLE_TESTABILITY = YES;
				GCC_C_LANGUAGE_STANDARD = gnu11;
				GCC_DYNAMIC_NO_PIC = NO;
				GCC_NO_COMMON_BLOCKS = YES;
				GCC_OPTIMIZATION_LEVEL = 0;
				GCC_PREPROCESSOR_DEFINITIONS = (
					"DEBUG=1",
					"$(inherited)",
				);
				GCC_WARN_64_TO_32_BIT_CONVERSION = YES;
				GCC_WARN_ABOUT_RETURN_TYPE = YES_ERROR;
				GCC_WARN_UNDECLARED_SELECTOR = YES;
				GCC_WARN_UNINITIALIZED_AUTOS = YES_AGGRESSIVE;
				GCC_WARN_UNUSED_FUNCTION = YES;
				GCC_WARN_UNUSED_VARIABLE = YES;
				IPHONEOS_DEPLOYMENT_TARGET = 14.4;
				MTL_ENABLE_DEBUG_INFO = INCLUDE_SOURCE;
				MTL_FAST_MATH = YES;
				ONLY_ACTIVE_ARCH = YES;
				SDKROOT = iphoneos;
				SWIFT_ACTIVE_COMPILATION_CONDITIONS = DEBUG;
				SWIFT_OPTIMIZATION_LEVEL = "-Onone";
			};
			name = Debug;
		};
		28849E4625CD3C000013D085 /* Release */ = {
			isa = XCBuildConfiguration;
			buildSettings = {
				ALWAYS_SEARCH_USER_PATHS = NO;
				CLANG_ANALYZER_NONNULL = YES;
				CLANG_ANALYZER_NUMBER_OBJECT_CONVERSION = YES_AGGRESSIVE;
				CLANG_CXX_LANGUAGE_STANDARD = "gnu++14";
				CLANG_CXX_LIBRARY = "libc++";
				CLANG_ENABLE_MODULES = YES;
				CLANG_ENABLE_OBJC_ARC = YES;
				CLANG_ENABLE_OBJC_WEAK = YES;
				CLANG_WARN_BLOCK_CAPTURE_AUTORELEASING = YES;
				CLANG_WARN_BOOL_CONVERSION = YES;
				CLANG_WARN_COMMA = YES;
				CLANG_WARN_CONSTANT_CONVERSION = YES;
				CLANG_WARN_DEPRECATED_OBJC_IMPLEMENTATIONS = YES;
				CLANG_WARN_DIRECT_OBJC_ISA_USAGE = YES_ERROR;
				CLANG_WARN_DOCUMENTATION_COMMENTS = YES;
				CLANG_WARN_EMPTY_BODY = YES;
				CLANG_WARN_ENUM_CONVERSION = YES;
				CLANG_WARN_INFINITE_RECURSION = YES;
				CLANG_WARN_INT_CONVERSION = YES;
				CLANG_WARN_NON_LITERAL_NULL_CONVERSION = YES;
				CLANG_WARN_OBJC_IMPLICIT_RETAIN_SELF = YES;
				CLANG_WARN_OBJC_LITERAL_CONVERSION = YES;
				CLANG_WARN_OBJC_ROOT_CLASS = YES_ERROR;
				CLANG_WARN_QUOTED_INCLUDE_IN_FRAMEWORK_HEADER = YES;
				CLANG_WARN_RANGE_LOOP_ANALYSIS = YES;
				CLANG_WARN_STRICT_PROTOTYPES = YES;
				CLANG_WARN_SUSPICIOUS_MOVE = YES;
				CLANG_WARN_UNGUARDED_AVAILABILITY = YES_AGGRESSIVE;
				CLANG_WARN_UNREACHABLE_CODE = YES;
				CLANG_WARN__DUPLICATE_METHOD_MATCH = YES;
				COPY_PHASE_STRIP = NO;
				DEBUG_INFORMATION_FORMAT = "dwarf-with-dsym";
				ENABLE_NS_ASSERTIONS = NO;
				ENABLE_STRICT_OBJC_MSGSEND = YES;
				GCC_C_LANGUAGE_STANDARD = gnu11;
				GCC_NO_COMMON_BLOCKS = YES;
				GCC_WARN_64_TO_32_BIT_CONVERSION = YES;
				GCC_WARN_ABOUT_RETURN_TYPE = YES_ERROR;
				GCC_WARN_UNDECLARED_SELECTOR = YES;
				GCC_WARN_UNINITIALIZED_AUTOS = YES_AGGRESSIVE;
				GCC_WARN_UNUSED_FUNCTION = YES;
				GCC_WARN_UNUSED_VARIABLE = YES;
				IPHONEOS_DEPLOYMENT_TARGET = 14.4;
				MTL_ENABLE_DEBUG_INFO = NO;
				MTL_FAST_MATH = YES;
				SDKROOT = iphoneos;
				SWIFT_COMPILATION_MODE = wholemodule;
				SWIFT_OPTIMIZATION_LEVEL = "-O";
				VALIDATE_PRODUCT = YES;
			};
			name = Release;
		};
		28849E4825CD3C000013D085 /* Debug */ = {
			isa = XCBuildConfiguration;
			buildSettings = {
				ASSETCATALOG_COMPILER_APPICON_NAME = AppIcon;
				ASSETCATALOG_COMPILER_GLOBAL_ACCENT_COLOR_NAME = AccentColor;
				CODE_SIGN_STYLE = Automatic;
				DEVELOPMENT_TEAM = 693WY75AQY;
				INFOPLIST_FILE = Navigation/Info.plist;
				LD_RUNPATH_SEARCH_PATHS = (
					"$(inherited)",
					"@executable_path/Frameworks",
				);
				PRODUCT_BUNDLE_IDENTIFIER = Dohyun.Navigation;
				PRODUCT_NAME = "$(TARGET_NAME)";
				SWIFT_VERSION = 5.0;
				TARGETED_DEVICE_FAMILY = "1,2";
			};
			name = Debug;
		};
		28849E4925CD3C000013D085 /* Release */ = {
			isa = XCBuildConfiguration;
			buildSettings = {
				ASSETCATALOG_COMPILER_APPICON_NAME = AppIcon;
				ASSETCATALOG_COMPILER_GLOBAL_ACCENT_COLOR_NAME = AccentColor;
				CODE_SIGN_STYLE = Automatic;
				DEVELOPMENT_TEAM = 693WY75AQY;
				INFOPLIST_FILE = Navigation/Info.plist;
				LD_RUNPATH_SEARCH_PATHS = (
					"$(inherited)",
					"@executable_path/Frameworks",
				);
				PRODUCT_BUNDLE_IDENTIFIER = Dohyun.Navigation;
				PRODUCT_NAME = "$(TARGET_NAME)";
				SWIFT_VERSION = 5.0;
				TARGETED_DEVICE_FAMILY = "1,2";
			};
			name = Release;
		};
/* End XCBuildConfiguration section */

/* Begin XCConfigurationList section */
		28849E2E25CD3BFD0013D085 /* Build configuration list for PBXProject "Navigation" */ = {
			isa = XCConfigurationList;
			buildConfigurations = (
				28849E4525CD3C000013D085 /* Debug */,
				28849E4625CD3C000013D085 /* Release */,
			);
			defaultConfigurationIsVisible = 0;
			defaultConfigurationName = Release;
		};
		28849E4725CD3C000013D085 /* Build configuration list for PBXNativeTarget "Navigation" */ = {
			isa = XCConfigurationList;
			buildConfigurations = (
				28849E4825CD3C000013D085 /* Debug */,
				28849E4925CD3C000013D085 /* Release */,
			);
			defaultConfigurationIsVisible = 0;
			defaultConfigurationName = Release;
		};
/* End XCConfigurationList section */
	};
	rootObject = 28849E2B25CD3BFD0013D085 /* Project object */;
}
