// !$*UTF8*$!
{
	archiveVersion = 1;
	classes = {
	};
	objectVersion = 50;
	objects = {

/* Begin PBXBuildFile section */
		283C26A125BEAF7000734243 /* AppDelegate.swift in Sources */ = {isa = PBXBuildFile; fileRef = 283C26A025BEAF7000734243 /* AppDelegate.swift */; };
		283C26A325BEAF7000734243 /* SceneDelegate.swift in Sources */ = {isa = PBXBuildFile; fileRef = 283C26A225BEAF7000734243 /* SceneDelegate.swift */; };
		283C26A825BEAF7000734243 /* Main.storyboard in Resources */ = {isa = PBXBuildFile; fileRef = 283C26A625BEAF7000734243 /* Main.storyboard */; };
		283C26AA25BEAF7300734243 /* Assets.xcassets in Resources */ = {isa = PBXBuildFile; fileRef = 283C26A925BEAF7300734243 /* Assets.xcassets */; };
		283C26AD25BEAF7300734243 /* LaunchScreen.storyboard in Resources */ = {isa = PBXBuildFile; fileRef = 283C26AB25BEAF7300734243 /* LaunchScreen.storyboard */; };
		283C26B825BEAF7300734243 /* BountyListTests.swift in Sources */ = {isa = PBXBuildFile; fileRef = 283C26B725BEAF7300734243 /* BountyListTests.swift */; };
		283C26C325BEAF7300734243 /* BountyListUITests.swift in Sources */ = {isa = PBXBuildFile; fileRef = 283C26C225BEAF7300734243 /* BountyListUITests.swift */; };
		283C26D725BEB03E00734243 /* BountyViewController.swift in Sources */ = {isa = PBXBuildFile; fileRef = 283C26D625BEB03E00734243 /* BountyViewController.swift */; };
		283C26E125BF232500734243 /* DetailViewController.swift in Sources */ = {isa = PBXBuildFile; fileRef = 283C26E025BF232400734243 /* DetailViewController.swift */; };
		283C26E625C03C6500734243 /* BountyInfo.swift in Sources */ = {isa = PBXBuildFile; fileRef = 283C26E525C03C6500734243 /* BountyInfo.swift */; };
/* End PBXBuildFile section */

/* Begin PBXContainerItemProxy section */
		283C26B425BEAF7300734243 /* PBXContainerItemProxy */ = {
			isa = PBXContainerItemProxy;
			containerPortal = 283C269525BEAF7000734243 /* Project object */;
			proxyType = 1;
			remoteGlobalIDString = 283C269C25BEAF7000734243;
			remoteInfo = BountyList;
		};
		283C26BF25BEAF7300734243 /* PBXContainerItemProxy */ = {
			isa = PBXContainerItemProxy;
			containerPortal = 283C269525BEAF7000734243 /* Project object */;
			proxyType = 1;
			remoteGlobalIDString = 283C269C25BEAF7000734243;
			remoteInfo = BountyList;
		};
/* End PBXContainerItemProxy section */

/* Begin PBXFileReference section */
		283C269D25BEAF7000734243 /* BountyList.app */ = {isa = PBXFileReference; explicitFileType = wrapper.application; includeInIndex = 0; path = BountyList.app; sourceTree = BUILT_PRODUCTS_DIR; };
		283C26A025BEAF7000734243 /* AppDelegate.swift */ = {isa = PBXFileReference; lastKnownFileType = sourcecode.swift; path = AppDelegate.swift; sourceTree = "<group>"; };
		283C26A225BEAF7000734243 /* SceneDelegate.swift */ = {isa = PBXFileReference; lastKnownFileType = sourcecode.swift; path = SceneDelegate.swift; sourceTree = "<group>"; };
		283C26A725BEAF7000734243 /* Base */ = {isa = PBXFileReference; lastKnownFileType = file.storyboard; name = Base; path = Base.lproj/Main.storyboard; sourceTree = "<group>"; };
		283C26A925BEAF7300734243 /* Assets.xcassets */ = {isa = PBXFileReference; lastKnownFileType = folder.assetcatalog; path = Assets.xcassets; sourceTree = "<group>"; };
		283C26AC25BEAF7300734243 /* Base */ = {isa = PBXFileReference; lastKnownFileType = file.storyboard; name = Base; path = Base.lproj/LaunchScreen.storyboard; sourceTree = "<group>"; };
		283C26AE25BEAF7300734243 /* Info.plist */ = {isa = PBXFileReference; lastKnownFileType = text.plist.xml; path = Info.plist; sourceTree = "<group>"; };
		283C26B325BEAF7300734243 /* BountyListTests.xctest */ = {isa = PBXFileReference; explicitFileType = wrapper.cfbundle; includeInIndex = 0; path = BountyListTests.xctest; sourceTree = BUILT_PRODUCTS_DIR; };
		283C26B725BEAF7300734243 /* BountyListTests.swift */ = {isa = PBXFileReference; lastKnownFileType = sourcecode.swift; path = BountyListTests.swift; sourceTree = "<group>"; };
		283C26B925BEAF7300734243 /* Info.plist */ = {isa = PBXFileReference; lastKnownFileType = text.plist.xml; path = Info.plist; sourceTree = "<group>"; };
		283C26BE25BEAF7300734243 /* BountyListUITests.xctest */ = {isa = PBXFileReference; explicitFileType = wrapper.cfbundle; includeInIndex = 0; path = BountyListUITests.xctest; sourceTree = BUILT_PRODUCTS_DIR; };
		283C26C225BEAF7300734243 /* BountyListUITests.swift */ = {isa = PBXFileReference; lastKnownFileType = sourcecode.swift; path = BountyListUITests.swift; sourceTree = "<group>"; };
		283C26C425BEAF7300734243 /* Info.plist */ = {isa = PBXFileReference; lastKnownFileType = text.plist.xml; path = Info.plist; sourceTree = "<group>"; };
		283C26D625BEB03E00734243 /* BountyViewController.swift */ = {isa = PBXFileReference; lastKnownFileType = sourcecode.swift; path = BountyViewController.swift; sourceTree = "<group>"; };
		283C26E025BF232400734243 /* DetailViewController.swift */ = {isa = PBXFileReference; lastKnownFileType = sourcecode.swift; path = DetailViewController.swift; sourceTree = "<group>"; };
		283C26E525C03C6500734243 /* BountyInfo.swift */ = {isa = PBXFileReference; lastKnownFileType = sourcecode.swift; path = BountyInfo.swift; sourceTree = "<group>"; };
/* End PBXFileReference section */

/* Begin PBXFrameworksBuildPhase section */
		283C269A25BEAF7000734243 /* Frameworks */ = {
			isa = PBXFrameworksBuildPhase;
			buildActionMask = 2147483647;
			files = (
			);
			runOnlyForDeploymentPostprocessing = 0;
		};
		283C26B025BEAF7300734243 /* Frameworks */ = {
			isa = PBXFrameworksBuildPhase;
			buildActionMask = 2147483647;
			files = (
			);
			runOnlyForDeploymentPostprocessing = 0;
		};
		283C26BB25BEAF7300734243 /* Frameworks */ = {
			isa = PBXFrameworksBuildPhase;
			buildActionMask = 2147483647;
			files = (
			);
			runOnlyForDeploymentPostprocessing = 0;
		};
/* End PBXFrameworksBuildPhase section */

/* Begin PBXGroup section */
		283C269425BEAF7000734243 = {
			isa = PBXGroup;
			children = (
				283C269F25BEAF7000734243 /* BountyList */,
				283C26B625BEAF7300734243 /* BountyListTests */,
				283C26C125BEAF7300734243 /* BountyListUITests */,
				283C269E25BEAF7000734243 /* Products */,
			);
			sourceTree = "<group>";
		};
		283C269E25BEAF7000734243 /* Products */ = {
			isa = PBXGroup;
			children = (
				283C269D25BEAF7000734243 /* BountyList.app */,
				283C26B325BEAF7300734243 /* BountyListTests.xctest */,
				283C26BE25BEAF7300734243 /* BountyListUITests.xctest */,
			);
			name = Products;
			sourceTree = "<group>";
		};
		283C269F25BEAF7000734243 /* BountyList */ = {
			isa = PBXGroup;
			children = (
				283C26A025BEAF7000734243 /* AppDelegate.swift */,
				283C26D625BEB03E00734243 /* BountyViewController.swift */,
				283C26E525C03C6500734243 /* BountyInfo.swift */,
				283C26E025BF232400734243 /* DetailViewController.swift */,
				283C26A225BEAF7000734243 /* SceneDelegate.swift */,
				283C26A625BEAF7000734243 /* Main.storyboard */,
				283C26A925BEAF7300734243 /* Assets.xcassets */,
				283C26AB25BEAF7300734243 /* LaunchScreen.storyboard */,
				283C26AE25BEAF7300734243 /* Info.plist */,
			);
			path = BountyList;
			sourceTree = "<group>";
		};
		283C26B625BEAF7300734243 /* BountyListTests */ = {
			isa = PBXGroup;
			children = (
				283C26B725BEAF7300734243 /* BountyListTests.swift */,
				283C26B925BEAF7300734243 /* Info.plist */,
			);
			path = BountyListTests;
			sourceTree = "<group>";
		};
		283C26C125BEAF7300734243 /* BountyListUITests */ = {
			isa = PBXGroup;
			children = (
				283C26C225BEAF7300734243 /* BountyListUITests.swift */,
				283C26C425BEAF7300734243 /* Info.plist */,
			);
			path = BountyListUITests;
			sourceTree = "<group>";
		};
/* End PBXGroup section */

/* Begin PBXNativeTarget section */
		283C269C25BEAF7000734243 /* BountyList */ = {
			isa = PBXNativeTarget;
			buildConfigurationList = 283C26C725BEAF7300734243 /* Build configuration list for PBXNativeTarget "BountyList" */;
			buildPhases = (
				283C269925BEAF7000734243 /* Sources */,
				283C269A25BEAF7000734243 /* Frameworks */,
				283C269B25BEAF7000734243 /* Resources */,
			);
			buildRules = (
			);
			dependencies = (
			);
			name = BountyList;
			productName = BountyList;
			productReference = 283C269D25BEAF7000734243 /* BountyList.app */;
			productType = "com.apple.product-type.application";
		};
		283C26B225BEAF7300734243 /* BountyListTests */ = {
			isa = PBXNativeTarget;
			buildConfigurationList = 283C26CA25BEAF7300734243 /* Build configuration list for PBXNativeTarget "BountyListTests" */;
			buildPhases = (
				283C26AF25BEAF7300734243 /* Sources */,
				283C26B025BEAF7300734243 /* Frameworks */,
				283C26B125BEAF7300734243 /* Resources */,
			);
			buildRules = (
			);
			dependencies = (
				283C26B525BEAF7300734243 /* PBXTargetDependency */,
			);
			name = BountyListTests;
			productName = BountyListTests;
			productReference = 283C26B325BEAF7300734243 /* BountyListTests.xctest */;
			productType = "com.apple.product-type.bundle.unit-test";
		};
		283C26BD25BEAF7300734243 /* BountyListUITests */ = {
			isa = PBXNativeTarget;
			buildConfigurationList = 283C26CD25BEAF7300734243 /* Build configuration list for PBXNativeTarget "BountyListUITests" */;
			buildPhases = (
				283C26BA25BEAF7300734243 /* Sources */,
				283C26BB25BEAF7300734243 /* Frameworks */,
				283C26BC25BEAF7300734243 /* Resources */,
			);
			buildRules = (
			);
			dependencies = (
				283C26C025BEAF7300734243 /* PBXTargetDependency */,
			);
			name = BountyListUITests;
			productName = BountyListUITests;
			productReference = 283C26BE25BEAF7300734243 /* BountyListUITests.xctest */;
			productType = "com.apple.product-type.bundle.ui-testing";
		};
/* End PBXNativeTarget section */

/* Begin PBXProject section */
		283C269525BEAF7000734243 /* Project object */ = {
			isa = PBXProject;
			attributes = {
				LastSwiftUpdateCheck = 1230;
				LastUpgradeCheck = 1230;
				TargetAttributes = {
					283C269C25BEAF7000734243 = {
						CreatedOnToolsVersion = 12.3;
					};
					283C26B225BEAF7300734243 = {
						CreatedOnToolsVersion = 12.3;
						TestTargetID = 283C269C25BEAF7000734243;
					};
					283C26BD25BEAF7300734243 = {
						CreatedOnToolsVersion = 12.3;
						TestTargetID = 283C269C25BEAF7000734243;
					};
				};
			};
			buildConfigurationList = 283C269825BEAF7000734243 /* Build configuration list for PBXProject "BountyList" */;
			compatibilityVersion = "Xcode 9.3";
			developmentRegion = en;
			hasScannedForEncodings = 0;
			knownRegions = (
				en,
				Base,
			);
			mainGroup = 283C269425BEAF7000734243;
			productRefGroup = 283C269E25BEAF7000734243 /* Products */;
			projectDirPath = "";
			projectRoot = "";
			targets = (
				283C269C25BEAF7000734243 /* BountyList */,
				283C26B225BEAF7300734243 /* BountyListTests */,
				283C26BD25BEAF7300734243 /* BountyListUITests */,
			);
		};
/* End PBXProject section */

/* Begin PBXResourcesBuildPhase section */
		283C269B25BEAF7000734243 /* Resources */ = {
			isa = PBXResourcesBuildPhase;
			buildActionMask = 2147483647;
			files = (
				283C26AD25BEAF7300734243 /* LaunchScreen.storyboard in Resources */,
				283C26AA25BEAF7300734243 /* Assets.xcassets in Resources */,
				283C26A825BEAF7000734243 /* Main.storyboard in Resources */,
			);
			runOnlyForDeploymentPostprocessing = 0;
		};
		283C26B125BEAF7300734243 /* Resources */ = {
			isa = PBXResourcesBuildPhase;
			buildActionMask = 2147483647;
			files = (
			);
			runOnlyForDeploymentPostprocessing = 0;
		};
		283C26BC25BEAF7300734243 /* Resources */ = {
			isa = PBXResourcesBuildPhase;
			buildActionMask = 2147483647;
			files = (
			);
			runOnlyForDeploymentPostprocessing = 0;
		};
/* End PBXResourcesBuildPhase section */

/* Begin PBXSourcesBuildPhase section */
		283C269925BEAF7000734243 /* Sources */ = {
			isa = PBXSourcesBuildPhase;
			buildActionMask = 2147483647;
			files = (
				283C26E625C03C6500734243 /* BountyInfo.swift in Sources */,
				283C26A125BEAF7000734243 /* AppDelegate.swift in Sources */,
				283C26D725BEB03E00734243 /* BountyViewController.swift in Sources */,
				283C26A325BEAF7000734243 /* SceneDelegate.swift in Sources */,
				283C26E125BF232500734243 /* DetailViewController.swift in Sources */,
			);
			runOnlyForDeploymentPostprocessing = 0;
		};
		283C26AF25BEAF7300734243 /* Sources */ = {
			isa = PBXSourcesBuildPhase;
			buildActionMask = 2147483647;
			files = (
				283C26B825BEAF7300734243 /* BountyListTests.swift in Sources */,
			);
			runOnlyForDeploymentPostprocessing = 0;
		};
		283C26BA25BEAF7300734243 /* Sources */ = {
			isa = PBXSourcesBuildPhase;
			buildActionMask = 2147483647;
			files = (
				283C26C325BEAF7300734243 /* BountyListUITests.swift in Sources */,
			);
			runOnlyForDeploymentPostprocessing = 0;
		};
/* End PBXSourcesBuildPhase section */

/* Begin PBXTargetDependency section */
		283C26B525BEAF7300734243 /* PBXTargetDependency */ = {
			isa = PBXTargetDependency;
			target = 283C269C25BEAF7000734243 /* BountyList */;
			targetProxy = 283C26B425BEAF7300734243 /* PBXContainerItemProxy */;
		};
		283C26C025BEAF7300734243 /* PBXTargetDependency */ = {
			isa = PBXTargetDependency;
			target = 283C269C25BEAF7000734243 /* BountyList */;
			targetProxy = 283C26BF25BEAF7300734243 /* PBXContainerItemProxy */;
		};
/* End PBXTargetDependency section */

/* Begin PBXVariantGroup section */
		283C26A625BEAF7000734243 /* Main.storyboard */ = {
			isa = PBXVariantGroup;
			children = (
				283C26A725BEAF7000734243 /* Base */,
			);
			name = Main.storyboard;
			sourceTree = "<group>";
		};
		283C26AB25BEAF7300734243 /* LaunchScreen.storyboard */ = {
			isa = PBXVariantGroup;
			children = (
				283C26AC25BEAF7300734243 /* Base */,
			);
			name = LaunchScreen.storyboard;
			sourceTree = "<group>";
		};
/* End PBXVariantGroup section */

/* Begin XCBuildConfiguration section */
		283C26C525BEAF7300734243 /* Debug */ = {
			isa = XCBuildConfiguration;
			buildSettings = {
				ALWAYS_SEARCH_USER_PATHS = NO;
				CLANG_ANALYZER_NONNULL = YES;
				CLANG_ANALYZER_NUMBER_OBJECT_CONVERSION = YES_AGGRESSIVE;
				CLANG_CXX_LANGUAGE_STANDARD = "gnu++14";
				CLANG_CXX_LIBRARY = "libc++";
				CLANG_ENABLE_MODULES = YES;
				CLANG_ENABLE_OBJC_ARC = YES;
				CLANG_ENABLE_OBJC_WEAK = YES;
				CLANG_WARN_BLOCK_CAPTURE_AUTORELEASING = YES;
				CLANG_WARN_BOOL_CONVERSION = YES;
				CLANG_WARN_COMMA = YES;
				CLANG_WARN_CONSTANT_CONVERSION = YES;
				CLANG_WARN_DEPRECATED_OBJC_IMPLEMENTATIONS = YES;
				CLANG_WARN_DIRECT_OBJC_ISA_USAGE = YES_ERROR;
				CLANG_WARN_DOCUMENTATION_COMMENTS = YES;
				CLANG_WARN_EMPTY_BODY = YES;
				CLANG_WARN_ENUM_CONVERSION = YES;
				CLANG_WARN_INFINITE_RECURSION = YES;
				CLANG_WARN_INT_CONVERSION = YES;
				CLANG_WARN_NON_LITERAL_NULL_CONVERSION = YES;
				CLANG_WARN_OBJC_IMPLICIT_RETAIN_SELF = YES;
				CLANG_WARN_OBJC_LITERAL_CONVERSION = YES;
				CLANG_WARN_OBJC_ROOT_CLASS = YES_ERROR;
				CLANG_WARN_QUOTED_INCLUDE_IN_FRAMEWORK_HEADER = YES;
				CLANG_WARN_RANGE_LOOP_ANALYSIS = YES;
				CLANG_WARN_STRICT_PROTOTYPES = YES;
				CLANG_WARN_SUSPICIOUS_MOVE = YES;
				CLANG_WARN_UNGUARDED_AVAILABILITY = YES_AGGRESSIVE;
				CLANG_WARN_UNREACHABLE_CODE = YES;
				CLANG_WARN__DUPLICATE_METHOD_MATCH = YES;
				COPY_PHASE_STRIP = NO;
				DEBUG_INFORMATION_FORMAT = dwarf;
				ENABLE_STRICT_OBJC_MSGSEND = YES;
				ENABLE_TESTABILITY = YES;
				GCC_C_LANGUAGE_STANDARD = gnu11;
				GCC_DYNAMIC_NO_PIC = NO;
				GCC_NO_COMMON_BLOCKS = YES;
				GCC_OPTIMIZATION_LEVEL = 0;
				GCC_PREPROCESSOR_DEFINITIONS = (
					"DEBUG=1",
					"$(inherited)",
				);
				GCC_WARN_64_TO_32_BIT_CONVERSION = YES;
				GCC_WARN_ABOUT_RETURN_TYPE = YES_ERROR;
				GCC_WARN_UNDECLARED_SELECTOR = YES;
				GCC_WARN_UNINITIALIZED_AUTOS = YES_AGGRESSIVE;
				GCC_WARN_UNUSED_FUNCTION = YES;
				GCC_WARN_UNUSED_VARIABLE = YES;
				IPHONEOS_DEPLOYMENT_TARGET = 14.3;
				MTL_ENABLE_DEBUG_INFO = INCLUDE_SOURCE;
				MTL_FAST_MATH = YES;
				ONLY_ACTIVE_ARCH = YES;
				SDKROOT = iphoneos;
				SWIFT_ACTIVE_COMPILATION_CONDITIONS = DEBUG;
				SWIFT_OPTIMIZATION_LEVEL = "-Onone";
			};
			name = Debug;
		};
		283C26C625BEAF7300734243 /* Release */ = {
			isa = XCBuildConfiguration;
			buildSettings = {
				ALWAYS_SEARCH_USER_PATHS = NO;
				CLANG_ANALYZER_NONNULL = YES;
				CLANG_ANALYZER_NUMBER_OBJECT_CONVERSION = YES_AGGRESSIVE;
				CLANG_CXX_LANGUAGE_STANDARD = "gnu++14";
				CLANG_CXX_LIBRARY = "libc++";
				CLANG_ENABLE_MODULES = YES;
				CLANG_ENABLE_OBJC_ARC = YES;
				CLANG_ENABLE_OBJC_WEAK = YES;
				CLANG_WARN_BLOCK_CAPTURE_AUTORELEASING = YES;
				CLANG_WARN_BOOL_CONVERSION = YES;
				CLANG_WARN_COMMA = YES;
				CLANG_WARN_CONSTANT_CONVERSION = YES;
				CLANG_WARN_DEPRECATED_OBJC_IMPLEMENTATIONS = YES;
				CLANG_WARN_DIRECT_OBJC_ISA_USAGE = YES_ERROR;
				CLANG_WARN_DOCUMENTATION_COMMENTS = YES;
				CLANG_WARN_EMPTY_BODY = YES;
				CLANG_WARN_ENUM_CONVERSION = YES;
				CLANG_WARN_INFINITE_RECURSION = YES;
				CLANG_WARN_INT_CONVERSION = YES;
				CLANG_WARN_NON_LITERAL_NULL_CONVERSION = YES;
				CLANG_WARN_OBJC_IMPLICIT_RETAIN_SELF = YES;
				CLANG_WARN_OBJC_LITERAL_CONVERSION = YES;
				CLANG_WARN_OBJC_ROOT_CLASS = YES_ERROR;
				CLANG_WARN_QUOTED_INCLUDE_IN_FRAMEWORK_HEADER = YES;
				CLANG_WARN_RANGE_LOOP_ANALYSIS = YES;
				CLANG_WARN_STRICT_PROTOTYPES = YES;
				CLANG_WARN_SUSPICIOUS_MOVE = YES;
				CLANG_WARN_UNGUARDED_AVAILABILITY = YES_AGGRESSIVE;
				CLANG_WARN_UNREACHABLE_CODE = YES;
				CLANG_WARN__DUPLICATE_METHOD_MATCH = YES;
				COPY_PHASE_STRIP = NO;
				DEBUG_INFORMATION_FORMAT = "dwarf-with-dsym";
				ENABLE_NS_ASSERTIONS = NO;
				ENABLE_STRICT_OBJC_MSGSEND = YES;
				GCC_C_LANGUAGE_STANDARD = gnu11;
				GCC_NO_COMMON_BLOCKS = YES;
				GCC_WARN_64_TO_32_BIT_CONVERSION = YES;
				GCC_WARN_ABOUT_RETURN_TYPE = YES_ERROR;
				GCC_WARN_UNDECLARED_SELECTOR = YES;
				GCC_WARN_UNINITIALIZED_AUTOS = YES_AGGRESSIVE;
				GCC_WARN_UNUSED_FUNCTION = YES;
				GCC_WARN_UNUSED_VARIABLE = YES;
				IPHONEOS_DEPLOYMENT_TARGET = 14.3;
				MTL_ENABLE_DEBUG_INFO = NO;
				MTL_FAST_MATH = YES;
				SDKROOT = iphoneos;
				SWIFT_COMPILATION_MODE = wholemodule;
				SWIFT_OPTIMIZATION_LEVEL = "-O";
				VALIDATE_PRODUCT = YES;
			};
			name = Release;
		};
		283C26C825BEAF7300734243 /* Debug */ = {
			isa = XCBuildConfiguration;
			buildSettings = {
				ASSETCATALOG_COMPILER_APPICON_NAME = AppIcon;
				ASSETCATALOG_COMPILER_GLOBAL_ACCENT_COLOR_NAME = AccentColor;
				CODE_SIGN_STYLE = Automatic;
				DEVELOPMENT_TEAM = 693WY75AQY;
				INFOPLIST_FILE = BountyList/Info.plist;
				LD_RUNPATH_SEARCH_PATHS = (
					"$(inherited)",
					"@executable_path/Frameworks",
				);
				PRODUCT_BUNDLE_IDENTIFIER = Dohyun.BountyList;
				PRODUCT_NAME = "$(TARGET_NAME)";
				SWIFT_VERSION = 5.0;
				TARGETED_DEVICE_FAMILY = "1,2";
			};
			name = Debug;
		};
		283C26C925BEAF7300734243 /* Release */ = {
			isa = XCBuildConfiguration;
			buildSettings = {
				ASSETCATALOG_COMPILER_APPICON_NAME = AppIcon;
				ASSETCATALOG_COMPILER_GLOBAL_ACCENT_COLOR_NAME = AccentColor;
				CODE_SIGN_STYLE = Automatic;
				DEVELOPMENT_TEAM = 693WY75AQY;
				INFOPLIST_FILE = BountyList/Info.plist;
				LD_RUNPATH_SEARCH_PATHS = (
					"$(inherited)",
					"@executable_path/Frameworks",
				);
				PRODUCT_BUNDLE_IDENTIFIER = Dohyun.BountyList;
				PRODUCT_NAME = "$(TARGET_NAME)";
				SWIFT_VERSION = 5.0;
				TARGETED_DEVICE_FAMILY = "1,2";
			};
			name = Release;
		};
		283C26CB25BEAF7300734243 /* Debug */ = {
			isa = XCBuildConfiguration;
			buildSettings = {
				ALWAYS_EMBED_SWIFT_STANDARD_LIBRARIES = YES;
				BUNDLE_LOADER = "$(TEST_HOST)";
				CODE_SIGN_STYLE = Automatic;
				DEVELOPMENT_TEAM = 693WY75AQY;
				INFOPLIST_FILE = BountyListTests/Info.plist;
				IPHONEOS_DEPLOYMENT_TARGET = 14.3;
				LD_RUNPATH_SEARCH_PATHS = (
					"$(inherited)",
					"@executable_path/Frameworks",
					"@loader_path/Frameworks",
				);
				PRODUCT_BUNDLE_IDENTIFIER = Dohyun.BountyListTests;
				PRODUCT_NAME = "$(TARGET_NAME)";
				SWIFT_VERSION = 5.0;
				TARGETED_DEVICE_FAMILY = "1,2";
				TEST_HOST = "$(BUILT_PRODUCTS_DIR)/BountyList.app/BountyList";
			};
			name = Debug;
		};
		283C26CC25BEAF7300734243 /* Release */ = {
			isa = XCBuildConfiguration;
			buildSettings = {
				ALWAYS_EMBED_SWIFT_STANDARD_LIBRARIES = YES;
				BUNDLE_LOADER = "$(TEST_HOST)";
				CODE_SIGN_STYLE = Automatic;
				DEVELOPMENT_TEAM = 693WY75AQY;
				INFOPLIST_FILE = BountyListTests/Info.plist;
				IPHONEOS_DEPLOYMENT_TARGET = 14.3;
				LD_RUNPATH_SEARCH_PATHS = (
					"$(inherited)",
					"@executable_path/Frameworks",
					"@loader_path/Frameworks",
				);
				PRODUCT_BUNDLE_IDENTIFIER = Dohyun.BountyListTests;
				PRODUCT_NAME = "$(TARGET_NAME)";
				SWIFT_VERSION = 5.0;
				TARGETED_DEVICE_FAMILY = "1,2";
				TEST_HOST = "$(BUILT_PRODUCTS_DIR)/BountyList.app/BountyList";
			};
			name = Release;
		};
		283C26CE25BEAF7300734243 /* Debug */ = {
			isa = XCBuildConfiguration;
			buildSettings = {
				ALWAYS_EMBED_SWIFT_STANDARD_LIBRARIES = YES;
				CODE_SIGN_STYLE = Automatic;
				DEVELOPMENT_TEAM = 693WY75AQY;
				INFOPLIST_FILE = BountyListUITests/Info.plist;
				LD_RUNPATH_SEARCH_PATHS = (
					"$(inherited)",
					"@executable_path/Frameworks",
					"@loader_path/Frameworks",
				);
				PRODUCT_BUNDLE_IDENTIFIER = Dohyun.BountyListUITests;
				PRODUCT_NAME = "$(TARGET_NAME)";
				SWIFT_VERSION = 5.0;
				TARGETED_DEVICE_FAMILY = "1,2";
				TEST_TARGET_NAME = BountyList;
			};
			name = Debug;
		};
		283C26CF25BEAF7300734243 /* Release */ = {
			isa = XCBuildConfiguration;
			buildSettings = {
				ALWAYS_EMBED_SWIFT_STANDARD_LIBRARIES = YES;
				CODE_SIGN_STYLE = Automatic;
				DEVELOPMENT_TEAM = 693WY75AQY;
				INFOPLIST_FILE = BountyListUITests/Info.plist;
				LD_RUNPATH_SEARCH_PATHS = (
					"$(inherited)",
					"@executable_path/Frameworks",
					"@loader_path/Frameworks",
				);
				PRODUCT_BUNDLE_IDENTIFIER = Dohyun.BountyListUITests;
				PRODUCT_NAME = "$(TARGET_NAME)";
				SWIFT_VERSION = 5.0;
				TARGETED_DEVICE_FAMILY = "1,2";
				TEST_TARGET_NAME = BountyList;
			};
			name = Release;
		};
/* End XCBuildConfiguration section */

/* Begin XCConfigurationList section */
		283C269825BEAF7000734243 /* Build configuration list for PBXProject "BountyList" */ = {
			isa = XCConfigurationList;
			buildConfigurations = (
				283C26C525BEAF7300734243 /* Debug */,
				283C26C625BEAF7300734243 /* Release */,
			);
			defaultConfigurationIsVisible = 0;
			defaultConfigurationName = Release;
		};
		283C26C725BEAF7300734243 /* Build configuration list for PBXNativeTarget "BountyList" */ = {
			isa = XCConfigurationList;
			buildConfigurations = (
				283C26C825BEAF7300734243 /* Debug */,
				283C26C925BEAF7300734243 /* Release */,
			);
			defaultConfigurationIsVisible = 0;
			defaultConfigurationName = Release;
		};
		283C26CA25BEAF7300734243 /* Build configuration list for PBXNativeTarget "BountyListTests" */ = {
			isa = XCConfigurationList;
			buildConfigurations = (
				283C26CB25BEAF7300734243 /* Debug */,
				283C26CC25BEAF7300734243 /* Release */,
			);
			defaultConfigurationIsVisible = 0;
			defaultConfigurationName = Release;
		};
		283C26CD25BEAF7300734243 /* Build configuration list for PBXNativeTarget "BountyListUITests" */ = {
			isa = XCConfigurationList;
			buildConfigurations = (
				283C26CE25BEAF7300734243 /* Debug */,
				283C26CF25BEAF7300734243 /* Release */,
			);
			defaultConfigurationIsVisible = 0;
			defaultConfigurationName = Release;
		};
/* End XCConfigurationList section */
	};
	rootObject = 283C269525BEAF7000734243 /* Project object */;
}
