// !$*UTF8*$!
{
	archiveVersion = 1;
	classes = {
	};
	objectVersion = 50;
	objects = {

/* Begin PBXBuildFile section */
		2834945325DBD41700410BAE /* AppDelegate.swift in Sources */ = {isa = PBXBuildFile; fileRef = 2834945225DBD41700410BAE /* AppDelegate.swift */; };
		2834945525DBD41700410BAE /* SceneDelegate.swift in Sources */ = {isa = PBXBuildFile; fileRef = 2834945425DBD41700410BAE /* SceneDelegate.swift */; };
		2834945725DBD41700410BAE /* ViewController.swift in Sources */ = {isa = PBXBuildFile; fileRef = 2834945625DBD41700410BAE /* ViewController.swift */; };
		2834945A25DBD41700410BAE /* Main.storyboard in Resources */ = {isa = PBXBuildFile; fileRef = 2834945825DBD41700410BAE /* Main.storyboard */; };
		2834945C25DBD41B00410BAE /* Assets.xcassets in Resources */ = {isa = PBXBuildFile; fileRef = 2834945B25DBD41B00410BAE /* Assets.xcassets */; };
		2834945F25DBD41B00410BAE /* LaunchScreen.storyboard in Resources */ = {isa = PBXBuildFile; fileRef = 2834945D25DBD41B00410BAE /* LaunchScreen.storyboard */; };
		2834949525DBE1E800410BAE /* arrow-left-black.png in Resources */ = {isa = PBXBuildFile; fileRef = 2834948925DBE1E600410BAE /* arrow-left-black.png */; };
		2834949625DBE1E800410BAE /* arrow-down-red.png in Resources */ = {isa = PBXBuildFile; fileRef = 2834948A25DBE1E600410BAE /* arrow-down-red.png */; };
		2834949725DBE1E800410BAE /* arrow-left-red.png in Resources */ = {isa = PBXBuildFile; fileRef = 2834948B25DBE1E700410BAE /* arrow-left-red.png */; };
		2834949825DBE1E800410BAE /* arrow-right-black.png in Resources */ = {isa = PBXBuildFile; fileRef = 2834948C25DBE1E700410BAE /* arrow-right-black.png */; };
		2834949925DBE1E800410BAE /* arrow-right-green.png in Resources */ = {isa = PBXBuildFile; fileRef = 2834948D25DBE1E700410BAE /* arrow-right-green.png */; };
		2834949A25DBE1E800410BAE /* arrow-left-green.png in Resources */ = {isa = PBXBuildFile; fileRef = 2834948E25DBE1E700410BAE /* arrow-left-green.png */; };
		2834949B25DBE1E800410BAE /* arrow-right-red.png in Resources */ = {isa = PBXBuildFile; fileRef = 2834948F25DBE1E700410BAE /* arrow-right-red.png */; };
		2834949C25DBE1E800410BAE /* arrow-up-black.png in Resources */ = {isa = PBXBuildFile; fileRef = 2834949025DBE1E700410BAE /* arrow-up-black.png */; };
		2834949D25DBE1E800410BAE /* arrow-up-green.png in Resources */ = {isa = PBXBuildFile; fileRef = 2834949125DBE1E700410BAE /* arrow-up-green.png */; };
		2834949E25DBE1E800410BAE /* arrow-down-green.png in Resources */ = {isa = PBXBuildFile; fileRef = 2834949225DBE1E700410BAE /* arrow-down-green.png */; };
		2834949F25DBE1E800410BAE /* arrow-up-red.png in Resources */ = {isa = PBXBuildFile; fileRef = 2834949325DBE1E700410BAE /* arrow-up-red.png */; };
		283494A025DBE1E800410BAE /* arrow-down-black.png in Resources */ = {isa = PBXBuildFile; fileRef = 2834949425DBE1E800410BAE /* arrow-down-black.png */; };
/* End PBXBuildFile section */

/* Begin PBXFileReference section */
		2834944F25DBD41700410BAE /* SwipeGesture.app */ = {isa = PBXFileReference; explicitFileType = wrapper.application; includeInIndex = 0; path = SwipeGesture.app; sourceTree = BUILT_PRODUCTS_DIR; };
		2834945225DBD41700410BAE /* AppDelegate.swift */ = {isa = PBXFileReference; lastKnownFileType = sourcecode.swift; path = AppDelegate.swift; sourceTree = "<group>"; };
		2834945425DBD41700410BAE /* SceneDelegate.swift */ = {isa = PBXFileReference; lastKnownFileType = sourcecode.swift; path = SceneDelegate.swift; sourceTree = "<group>"; };
		2834945625DBD41700410BAE /* ViewController.swift */ = {isa = PBXFileReference; lastKnownFileType = sourcecode.swift; path = ViewController.swift; sourceTree = "<group>"; };
		2834945925DBD41700410BAE /* Base */ = {isa = PBXFileReference; lastKnownFileType = file.storyboard; name = Base; path = Base.lproj/Main.storyboard; sourceTree = "<group>"; };
		2834945B25DBD41B00410BAE /* Assets.xcassets */ = {isa = PBXFileReference; lastKnownFileType = folder.assetcatalog; path = Assets.xcassets; sourceTree = "<group>"; };
		2834945E25DBD41B00410BAE /* Base */ = {isa = PBXFileReference; lastKnownFileType = file.storyboard; name = Base; path = Base.lproj/LaunchScreen.storyboard; sourceTree = "<group>"; };
		2834946025DBD41B00410BAE /* Info.plist */ = {isa = PBXFileReference; lastKnownFileType = text.plist.xml; path = Info.plist; sourceTree = "<group>"; };
		2834948925DBE1E600410BAE /* arrow-left-black.png */ = {isa = PBXFileReference; lastKnownFileType = image.png; path = "arrow-left-black.png"; sourceTree = "<group>"; };
		2834948A25DBE1E600410BAE /* arrow-down-red.png */ = {isa = PBXFileReference; lastKnownFileType = image.png; path = "arrow-down-red.png"; sourceTree = "<group>"; };
		2834948B25DBE1E700410BAE /* arrow-left-red.png */ = {isa = PBXFileReference; lastKnownFileType = image.png; path = "arrow-left-red.png"; sourceTree = "<group>"; };
		2834948C25DBE1E700410BAE /* arrow-right-black.png */ = {isa = PBXFileReference; lastKnownFileType = image.png; path = "arrow-right-black.png"; sourceTree = "<group>"; };
		2834948D25DBE1E700410BAE /* arrow-right-green.png */ = {isa = PBXFileReference; lastKnownFileType = image.png; path = "arrow-right-green.png"; sourceTree = "<group>"; };
		2834948E25DBE1E700410BAE /* arrow-left-green.png */ = {isa = PBXFileReference; lastKnownFileType = image.png; path = "arrow-left-green.png"; sourceTree = "<group>"; };
		2834948F25DBE1E700410BAE /* arrow-right-red.png */ = {isa = PBXFileReference; lastKnownFileType = image.png; path = "arrow-right-red.png"; sourceTree = "<group>"; };
		2834949025DBE1E700410BAE /* arrow-up-black.png */ = {isa = PBXFileReference; lastKnownFileType = image.png; path = "arrow-up-black.png"; sourceTree = "<group>"; };
		2834949125DBE1E700410BAE /* arrow-up-green.png */ = {isa = PBXFileReference; lastKnownFileType = image.png; path = "arrow-up-green.png"; sourceTree = "<group>"; };
		2834949225DBE1E700410BAE /* arrow-down-green.png */ = {isa = PBXFileReference; lastKnownFileType = image.png; path = "arrow-down-green.png"; sourceTree = "<group>"; };
		2834949325DBE1E700410BAE /* arrow-up-red.png */ = {isa = PBXFileReference; lastKnownFileType = image.png; path = "arrow-up-red.png"; sourceTree = "<group>"; };
		2834949425DBE1E800410BAE /* arrow-down-black.png */ = {isa = PBXFileReference; lastKnownFileType = image.png; path = "arrow-down-black.png"; sourceTree = "<group>"; };
/* End PBXFileReference section */

/* Begin PBXFrameworksBuildPhase section */
		2834944C25DBD41700410BAE /* Frameworks */ = {
			isa = PBXFrameworksBuildPhase;
			buildActionMask = 2147483647;
			files = (
			);
			runOnlyForDeploymentPostprocessing = 0;
		};
/* End PBXFrameworksBuildPhase section */

/* Begin PBXGroup section */
		2834944625DBD41700410BAE = {
			isa = PBXGroup;
			children = (
				2834945125DBD41700410BAE /* SwipeGesture */,
				2834945025DBD41700410BAE /* Products */,
			);
			sourceTree = "<group>";
		};
		2834945025DBD41700410BAE /* Products */ = {
			isa = PBXGroup;
			children = (
				2834944F25DBD41700410BAE /* SwipeGesture.app */,
			);
			name = Products;
			sourceTree = "<group>";
		};
		2834945125DBD41700410BAE /* SwipeGesture */ = {
			isa = PBXGroup;
			children = (
				2834949425DBE1E800410BAE /* arrow-down-black.png */,
				2834949225DBE1E700410BAE /* arrow-down-green.png */,
				2834948A25DBE1E600410BAE /* arrow-down-red.png */,
				2834948925DBE1E600410BAE /* arrow-left-black.png */,
				2834948E25DBE1E700410BAE /* arrow-left-green.png */,
				2834948B25DBE1E700410BAE /* arrow-left-red.png */,
				2834948C25DBE1E700410BAE /* arrow-right-black.png */,
				2834948D25DBE1E700410BAE /* arrow-right-green.png */,
				2834948F25DBE1E700410BAE /* arrow-right-red.png */,
				2834949025DBE1E700410BAE /* arrow-up-black.png */,
				2834949125DBE1E700410BAE /* arrow-up-green.png */,
				2834949325DBE1E700410BAE /* arrow-up-red.png */,
				2834945225DBD41700410BAE /* AppDelegate.swift */,
				2834945425DBD41700410BAE /* SceneDelegate.swift */,
				2834945625DBD41700410BAE /* ViewController.swift */,
				2834945825DBD41700410BAE /* Main.storyboard */,
				2834945B25DBD41B00410BAE /* Assets.xcassets */,
				2834945D25DBD41B00410BAE /* LaunchScreen.storyboard */,
				2834946025DBD41B00410BAE /* Info.plist */,
			);
			path = SwipeGesture;
			sourceTree = "<group>";
		};
/* End PBXGroup section */

/* Begin PBXNativeTarget section */
		2834944E25DBD41700410BAE /* SwipeGesture */ = {
			isa = PBXNativeTarget;
			buildConfigurationList = 2834946325DBD41B00410BAE /* Build configuration list for PBXNativeTarget "SwipeGesture" */;
			buildPhases = (
				2834944B25DBD41700410BAE /* Sources */,
				2834944C25DBD41700410BAE /* Frameworks */,
				2834944D25DBD41700410BAE /* Resources */,
			);
			buildRules = (
			);
			dependencies = (
			);
			name = SwipeGesture;
			productName = SwipeGesture;
			productReference = 2834944F25DBD41700410BAE /* SwipeGesture.app */;
			productType = "com.apple.product-type.application";
		};
/* End PBXNativeTarget section */

/* Begin PBXProject section */
		2834944725DBD41700410BAE /* Project object */ = {
			isa = PBXProject;
			attributes = {
				LastSwiftUpdateCheck = 1240;
				LastUpgradeCheck = 1240;
				TargetAttributes = {
					2834944E25DBD41700410BAE = {
						CreatedOnToolsVersion = 12.4;
					};
				};
			};
			buildConfigurationList = 2834944A25DBD41700410BAE /* Build configuration list for PBXProject "SwipeGesture" */;
			compatibilityVersion = "Xcode 9.3";
			developmentRegion = en;
			hasScannedForEncodings = 0;
			knownRegions = (
				en,
				Base,
			);
			mainGroup = 2834944625DBD41700410BAE;
			productRefGroup = 2834945025DBD41700410BAE /* Products */;
			projectDirPath = "";
			projectRoot = "";
			targets = (
				2834944E25DBD41700410BAE /* SwipeGesture */,
			);
		};
/* End PBXProject section */

/* Begin PBXResourcesBuildPhase section */
		2834944D25DBD41700410BAE /* Resources */ = {
			isa = PBXResourcesBuildPhase;
			buildActionMask = 2147483647;
			files = (
				2834949E25DBE1E800410BAE /* arrow-down-green.png in Resources */,
				2834949525DBE1E800410BAE /* arrow-left-black.png in Resources */,
				2834949B25DBE1E800410BAE /* arrow-right-red.png in Resources */,
				2834949725DBE1E800410BAE /* arrow-left-red.png in Resources */,
				2834949D25DBE1E800410BAE /* arrow-up-green.png in Resources */,
				2834945F25DBD41B00410BAE /* LaunchScreen.storyboard in Resources */,
				283494A025DBE1E800410BAE /* arrow-down-black.png in Resources */,
				2834949C25DBE1E800410BAE /* arrow-up-black.png in Resources */,
				2834949F25DBE1E800410BAE /* arrow-up-red.png in Resources */,
				2834945C25DBD41B00410BAE /* Assets.xcassets in Resources */,
				2834949625DBE1E800410BAE /* arrow-down-red.png in Resources */,
				2834949A25DBE1E800410BAE /* arrow-left-green.png in Resources */,
				2834949925DBE1E800410BAE /* arrow-right-green.png in Resources */,
				2834945A25DBD41700410BAE /* Main.storyboard in Resources */,
				2834949825DBE1E800410BAE /* arrow-right-black.png in Resources */,
			);
			runOnlyForDeploymentPostprocessing = 0;
		};
/* End PBXResourcesBuildPhase section */

/* Begin PBXSourcesBuildPhase section */
		2834944B25DBD41700410BAE /* Sources */ = {
			isa = PBXSourcesBuildPhase;
			buildActionMask = 2147483647;
			files = (
				2834945725DBD41700410BAE /* ViewController.swift in Sources */,
				2834945325DBD41700410BAE /* AppDelegate.swift in Sources */,
				2834945525DBD41700410BAE /* SceneDelegate.swift in Sources */,
			);
			runOnlyForDeploymentPostprocessing = 0;
		};
/* End PBXSourcesBuildPhase section */

/* Begin PBXVariantGroup section */
		2834945825DBD41700410BAE /* Main.storyboard */ = {
			isa = PBXVariantGroup;
			children = (
				2834945925DBD41700410BAE /* Base */,
			);
			name = Main.storyboard;
			sourceTree = "<group>";
		};
		2834945D25DBD41B00410BAE /* LaunchScreen.storyboard */ = {
			isa = PBXVariantGroup;
			children = (
				2834945E25DBD41B00410BAE /* Base */,
			);
			name = LaunchScreen.storyboard;
			sourceTree = "<group>";
		};
/* End PBXVariantGroup section */

/* Begin XCBuildConfiguration section */
		2834946125DBD41B00410BAE /* Debug */ = {
			isa = XCBuildConfiguration;
			buildSettings = {
				ALWAYS_SEARCH_USER_PATHS = NO;
				CLANG_ANALYZER_NONNULL = YES;
				CLANG_ANALYZER_NUMBER_OBJECT_CONVERSION = YES_AGGRESSIVE;
				CLANG_CXX_LANGUAGE_STANDARD = "gnu++14";
				CLANG_CXX_LIBRARY = "libc++";
				CLANG_ENABLE_MODULES = YES;
				CLANG_ENABLE_OBJC_ARC = YES;
				CLANG_ENABLE_OBJC_WEAK = YES;
				CLANG_WARN_BLOCK_CAPTURE_AUTORELEASING = YES;
				CLANG_WARN_BOOL_CONVERSION = YES;
				CLANG_WARN_COMMA = YES;
				CLANG_WARN_CONSTANT_CONVERSION = YES;
				CLANG_WARN_DEPRECATED_OBJC_IMPLEMENTATIONS = YES;
				CLANG_WARN_DIRECT_OBJC_ISA_USAGE = YES_ERROR;
				CLANG_WARN_DOCUMENTATION_COMMENTS = YES;
				CLANG_WARN_EMPTY_BODY = YES;
				CLANG_WARN_ENUM_CONVERSION = YES;
				CLANG_WARN_INFINITE_RECURSION = YES;
				CLANG_WARN_INT_CONVERSION = YES;
				CLANG_WARN_NON_LITERAL_NULL_CONVERSION = YES;
				CLANG_WARN_OBJC_IMPLICIT_RETAIN_SELF = YES;
				CLANG_WARN_OBJC_LITERAL_CONVERSION = YES;
				CLANG_WARN_OBJC_ROOT_CLASS = YES_ERROR;
				CLANG_WARN_QUOTED_INCLUDE_IN_FRAMEWORK_HEADER = YES;
				CLANG_WARN_RANGE_LOOP_ANALYSIS = YES;
				CLANG_WARN_STRICT_PROTOTYPES = YES;
				CLANG_WARN_SUSPICIOUS_MOVE = YES;
				CLANG_WARN_UNGUARDED_AVAILABILITY = YES_AGGRESSIVE;
				CLANG_WARN_UNREACHABLE_CODE = YES;
				CLANG_WARN__DUPLICATE_METHOD_MATCH = YES;
				COPY_PHASE_STRIP = NO;
				DEBUG_INFORMATION_FORMAT = dwarf;
				ENABLE_STRICT_OBJC_MSGSEND = YES;
				ENABLE_TESTABILITY = YES;
				GCC_C_LANGUAGE_STANDARD = gnu11;
				GCC_DYNAMIC_NO_PIC = NO;
				GCC_NO_COMMON_BLOCKS = YES;
				GCC_OPTIMIZATION_LEVEL = 0;
				GCC_PREPROCESSOR_DEFINITIONS = (
					"DEBUG=1",
					"$(inherited)",
				);
				GCC_WARN_64_TO_32_BIT_CONVERSION = YES;
				GCC_WARN_ABOUT_RETURN_TYPE = YES_ERROR;
				GCC_WARN_UNDECLARED_SELECTOR = YES;
				GCC_WARN_UNINITIALIZED_AUTOS = YES_AGGRESSIVE;
				GCC_WARN_UNUSED_FUNCTION = YES;
				GCC_WARN_UNUSED_VARIABLE = YES;
				IPHONEOS_DEPLOYMENT_TARGET = 14.4;
				MTL_ENABLE_DEBUG_INFO = INCLUDE_SOURCE;
				MTL_FAST_MATH = YES;
				ONLY_ACTIVE_ARCH = YES;
				SDKROOT = iphoneos;
				SWIFT_ACTIVE_COMPILATION_CONDITIONS = DEBUG;
				SWIFT_OPTIMIZATION_LEVEL = "-Onone";
			};
			name = Debug;
		};
		2834946225DBD41B00410BAE /* Release */ = {
			isa = XCBuildConfiguration;
			buildSettings = {
				ALWAYS_SEARCH_USER_PATHS = NO;
				CLANG_ANALYZER_NONNULL = YES;
				CLANG_ANALYZER_NUMBER_OBJECT_CONVERSION = YES_AGGRESSIVE;
				CLANG_CXX_LANGUAGE_STANDARD = "gnu++14";
				CLANG_CXX_LIBRARY = "libc++";
				CLANG_ENABLE_MODULES = YES;
				CLANG_ENABLE_OBJC_ARC = YES;
				CLANG_ENABLE_OBJC_WEAK = YES;
				CLANG_WARN_BLOCK_CAPTURE_AUTORELEASING = YES;
				CLANG_WARN_BOOL_CONVERSION = YES;
				CLANG_WARN_COMMA = YES;
				CLANG_WARN_CONSTANT_CONVERSION = YES;
				CLANG_WARN_DEPRECATED_OBJC_IMPLEMENTATIONS = YES;
				CLANG_WARN_DIRECT_OBJC_ISA_USAGE = YES_ERROR;
				CLANG_WARN_DOCUMENTATION_COMMENTS = YES;
				CLANG_WARN_EMPTY_BODY = YES;
				CLANG_WARN_ENUM_CONVERSION = YES;
				CLANG_WARN_INFINITE_RECURSION = YES;
				CLANG_WARN_INT_CONVERSION = YES;
				CLANG_WARN_NON_LITERAL_NULL_CONVERSION = YES;
				CLANG_WARN_OBJC_IMPLICIT_RETAIN_SELF = YES;
				CLANG_WARN_OBJC_LITERAL_CONVERSION = YES;
				CLANG_WARN_OBJC_ROOT_CLASS = YES_ERROR;
				CLANG_WARN_QUOTED_INCLUDE_IN_FRAMEWORK_HEADER = YES;
				CLANG_WARN_RANGE_LOOP_ANALYSIS = YES;
				CLANG_WARN_STRICT_PROTOTYPES = YES;
				CLANG_WARN_SUSPICIOUS_MOVE = YES;
				CLANG_WARN_UNGUARDED_AVAILABILITY = YES_AGGRESSIVE;
				CLANG_WARN_UNREACHABLE_CODE = YES;
				CLANG_WARN__DUPLICATE_METHOD_MATCH = YES;
				COPY_PHASE_STRIP = NO;
				DEBUG_INFORMATION_FORMAT = "dwarf-with-dsym";
				ENABLE_NS_ASSERTIONS = NO;
				ENABLE_STRICT_OBJC_MSGSEND = YES;
				GCC_C_LANGUAGE_STANDARD = gnu11;
				GCC_NO_COMMON_BLOCKS = YES;
				GCC_WARN_64_TO_32_BIT_CONVERSION = YES;
				GCC_WARN_ABOUT_RETURN_TYPE = YES_ERROR;
				GCC_WARN_UNDECLARED_SELECTOR = YES;
				GCC_WARN_UNINITIALIZED_AUTOS = YES_AGGRESSIVE;
				GCC_WARN_UNUSED_FUNCTION = YES;
				GCC_WARN_UNUSED_VARIABLE = YES;
				IPHONEOS_DEPLOYMENT_TARGET = 14.4;
				MTL_ENABLE_DEBUG_INFO = NO;
				MTL_FAST_MATH = YES;
				SDKROOT = iphoneos;
				SWIFT_COMPILATION_MODE = wholemodule;
				SWIFT_OPTIMIZATION_LEVEL = "-O";
				VALIDATE_PRODUCT = YES;
			};
			name = Release;
		};
		2834946425DBD41B00410BAE /* Debug */ = {
			isa = XCBuildConfiguration;
			buildSettings = {
				ASSETCATALOG_COMPILER_APPICON_NAME = AppIcon;
				ASSETCATALOG_COMPILER_GLOBAL_ACCENT_COLOR_NAME = AccentColor;
				CODE_SIGN_STYLE = Automatic;
				DEVELOPMENT_TEAM = 693WY75AQY;
				INFOPLIST_FILE = SwipeGesture/Info.plist;
				LD_RUNPATH_SEARCH_PATHS = (
					"$(inherited)",
					"@executable_path/Frameworks",
				);
				PRODUCT_BUNDLE_IDENTIFIER = Dohyun.SwipeGesture;
				PRODUCT_NAME = "$(TARGET_NAME)";
				SWIFT_VERSION = 5.0;
				TARGETED_DEVICE_FAMILY = "1,2";
			};
			name = Debug;
		};
		2834946525DBD41B00410BAE /* Release */ = {
			isa = XCBuildConfiguration;
			buildSettings = {
				ASSETCATALOG_COMPILER_APPICON_NAME = AppIcon;
				ASSETCATALOG_COMPILER_GLOBAL_ACCENT_COLOR_NAME = AccentColor;
				CODE_SIGN_STYLE = Automatic;
				DEVELOPMENT_TEAM = 693WY75AQY;
				INFOPLIST_FILE = SwipeGesture/Info.plist;
				LD_RUNPATH_SEARCH_PATHS = (
					"$(inherited)",
					"@executable_path/Frameworks",
				);
				PRODUCT_BUNDLE_IDENTIFIER = Dohyun.SwipeGesture;
				PRODUCT_NAME = "$(TARGET_NAME)";
				SWIFT_VERSION = 5.0;
				TARGETED_DEVICE_FAMILY = "1,2";
			};
			name = Release;
		};
/* End XCBuildConfiguration section */

/* Begin XCConfigurationList section */
		2834944A25DBD41700410BAE /* Build configuration list for PBXProject "SwipeGesture" */ = {
			isa = XCConfigurationList;
			buildConfigurations = (
				2834946125DBD41B00410BAE /* Debug */,
				2834946225DBD41B00410BAE /* Release */,
			);
			defaultConfigurationIsVisible = 0;
			defaultConfigurationName = Release;
		};
		2834946325DBD41B00410BAE /* Build configuration list for PBXNativeTarget "SwipeGesture" */ = {
			isa = XCConfigurationList;
			buildConfigurations = (
				2834946425DBD41B00410BAE /* Debug */,
				2834946525DBD41B00410BAE /* Release */,
			);
			defaultConfigurationIsVisible = 0;
			defaultConfigurationName = Release;
		};
/* End XCConfigurationList section */
	};
	rootObject = 2834944725DBD41700410BAE /* Project object */;
}
