// !$*UTF8*$!
{
	archiveVersion = 1;
	classes = {
	};
	objectVersion = 50;
	objects = {

/* Begin PBXBuildFile section */
		2884A3CF26DA35FB004596C3 /* AppDelegate.swift in Sources */ = {isa = PBXBuildFile; fileRef = 2884A3CE26DA35FB004596C3 /* AppDelegate.swift */; };
		2884A3D126DA35FB004596C3 /* SceneDelegate.swift in Sources */ = {isa = PBXBuildFile; fileRef = 2884A3D026DA35FB004596C3 /* SceneDelegate.swift */; };
		2884A3D626DA35FB004596C3 /* Main.storyboard in Resources */ = {isa = PBXBuildFile; fileRef = 2884A3D426DA35FB004596C3 /* Main.storyboard */; };
		2884A3D826DA3600004596C3 /* Assets.xcassets in Resources */ = {isa = PBXBuildFile; fileRef = 2884A3D726DA3600004596C3 /* Assets.xcassets */; };
		2884A3DB26DA3600004596C3 /* LaunchScreen.storyboard in Resources */ = {isa = PBXBuildFile; fileRef = 2884A3D926DA3600004596C3 /* LaunchScreen.storyboard */; };
		2884A3E326DA3661004596C3 /* UserInfoManager.swift in Sources */ = {isa = PBXBuildFile; fileRef = 2884A3E226DA3661004596C3 /* UserInfoManager.swift */; };
		2884A3E526DA3C99004596C3 /* ProfileViewController.swift in Sources */ = {isa = PBXBuildFile; fileRef = 2884A3E426DA3C99004596C3 /* ProfileViewController.swift */; };
/* End PBXBuildFile section */

/* Begin PBXFileReference section */
		2884A3CB26DA35FB004596C3 /* profileWithPlist.app */ = {isa = PBXFileReference; explicitFileType = wrapper.application; includeInIndex = 0; path = profileWithPlist.app; sourceTree = BUILT_PRODUCTS_DIR; };
		2884A3CE26DA35FB004596C3 /* AppDelegate.swift */ = {isa = PBXFileReference; lastKnownFileType = sourcecode.swift; path = AppDelegate.swift; sourceTree = "<group>"; };
		2884A3D026DA35FB004596C3 /* SceneDelegate.swift */ = {isa = PBXFileReference; lastKnownFileType = sourcecode.swift; path = SceneDelegate.swift; sourceTree = "<group>"; };
		2884A3D526DA35FB004596C3 /* Base */ = {isa = PBXFileReference; lastKnownFileType = file.storyboard; name = Base; path = Base.lproj/Main.storyboard; sourceTree = "<group>"; };
		2884A3D726DA3600004596C3 /* Assets.xcassets */ = {isa = PBXFileReference; lastKnownFileType = folder.assetcatalog; path = Assets.xcassets; sourceTree = "<group>"; };
		2884A3DA26DA3600004596C3 /* Base */ = {isa = PBXFileReference; lastKnownFileType = file.storyboard; name = Base; path = Base.lproj/LaunchScreen.storyboard; sourceTree = "<group>"; };
		2884A3DC26DA3600004596C3 /* Info.plist */ = {isa = PBXFileReference; lastKnownFileType = text.plist.xml; path = Info.plist; sourceTree = "<group>"; };
		2884A3E226DA3661004596C3 /* UserInfoManager.swift */ = {isa = PBXFileReference; lastKnownFileType = sourcecode.swift; path = UserInfoManager.swift; sourceTree = "<group>"; };
		2884A3E426DA3C99004596C3 /* ProfileViewController.swift */ = {isa = PBXFileReference; lastKnownFileType = sourcecode.swift; path = ProfileViewController.swift; sourceTree = "<group>"; };
/* End PBXFileReference section */

/* Begin PBXFrameworksBuildPhase section */
		2884A3C826DA35FB004596C3 /* Frameworks */ = {
			isa = PBXFrameworksBuildPhase;
			buildActionMask = 2147483647;
			files = (
			);
			runOnlyForDeploymentPostprocessing = 0;
		};
/* End PBXFrameworksBuildPhase section */

/* Begin PBXGroup section */
		2884A3C226DA35FB004596C3 = {
			isa = PBXGroup;
			children = (
				2884A3CD26DA35FB004596C3 /* profileWithPlist */,
				2884A3CC26DA35FB004596C3 /* Products */,
			);
			sourceTree = "<group>";
		};
		2884A3CC26DA35FB004596C3 /* Products */ = {
			isa = PBXGroup;
			children = (
				2884A3CB26DA35FB004596C3 /* profileWithPlist.app */,
			);
			name = Products;
			sourceTree = "<group>";
		};
		2884A3CD26DA35FB004596C3 /* profileWithPlist */ = {
			isa = PBXGroup;
			children = (
				2884A3CE26DA35FB004596C3 /* AppDelegate.swift */,
				2884A3D026DA35FB004596C3 /* SceneDelegate.swift */,
				2884A3D426DA35FB004596C3 /* Main.storyboard */,
				2884A3D726DA3600004596C3 /* Assets.xcassets */,
				2884A3D926DA3600004596C3 /* LaunchScreen.storyboard */,
				2884A3DC26DA3600004596C3 /* Info.plist */,
				2884A3E226DA3661004596C3 /* UserInfoManager.swift */,
				2884A3E426DA3C99004596C3 /* ProfileViewController.swift */,
			);
			path = profileWithPlist;
			sourceTree = "<group>";
		};
/* End PBXGroup section */

/* Begin PBXNativeTarget section */
		2884A3CA26DA35FB004596C3 /* profileWithPlist */ = {
			isa = PBXNativeTarget;
			buildConfigurationList = 2884A3DF26DA3600004596C3 /* Build configuration list for PBXNativeTarget "profileWithPlist" */;
			buildPhases = (
				2884A3C726DA35FB004596C3 /* Sources */,
				2884A3C826DA35FB004596C3 /* Frameworks */,
				2884A3C926DA35FB004596C3 /* Resources */,
			);
			buildRules = (
			);
			dependencies = (
			);
			name = profileWithPlist;
			productName = profileWithPlist;
			productReference = 2884A3CB26DA35FB004596C3 /* profileWithPlist.app */;
			productType = "com.apple.product-type.application";
		};
/* End PBXNativeTarget section */

/* Begin PBXProject section */
		2884A3C326DA35FB004596C3 /* Project object */ = {
			isa = PBXProject;
			attributes = {
				LastSwiftUpdateCheck = 1250;
				LastUpgradeCheck = 1250;
				TargetAttributes = {
					2884A3CA26DA35FB004596C3 = {
						CreatedOnToolsVersion = 12.5.1;
					};
				};
			};
			buildConfigurationList = 2884A3C626DA35FB004596C3 /* Build configuration list for PBXProject "profileWithPlist" */;
			compatibilityVersion = "Xcode 9.3";
			developmentRegion = en;
			hasScannedForEncodings = 0;
			knownRegions = (
				en,
				Base,
			);
			mainGroup = 2884A3C226DA35FB004596C3;
			productRefGroup = 2884A3CC26DA35FB004596C3 /* Products */;
			projectDirPath = "";
			projectRoot = "";
			targets = (
				2884A3CA26DA35FB004596C3 /* profileWithPlist */,
			);
		};
/* End PBXProject section */

/* Begin PBXResourcesBuildPhase section */
		2884A3C926DA35FB004596C3 /* Resources */ = {
			isa = PBXResourcesBuildPhase;
			buildActionMask = 2147483647;
			files = (
				2884A3DB26DA3600004596C3 /* LaunchScreen.storyboard in Resources */,
				2884A3D826DA3600004596C3 /* Assets.xcassets in Resources */,
				2884A3D626DA35FB004596C3 /* Main.storyboard in Resources */,
			);
			runOnlyForDeploymentPostprocessing = 0;
		};
/* End PBXResourcesBuildPhase section */

/* Begin PBXSourcesBuildPhase section */
		2884A3C726DA35FB004596C3 /* Sources */ = {
			isa = PBXSourcesBuildPhase;
			buildActionMask = 2147483647;
			files = (
				2884A3CF26DA35FB004596C3 /* AppDelegate.swift in Sources */,
				2884A3E326DA3661004596C3 /* UserInfoManager.swift in Sources */,
				2884A3E526DA3C99004596C3 /* ProfileViewController.swift in Sources */,
				2884A3D126DA35FB004596C3 /* SceneDelegate.swift in Sources */,
			);
			runOnlyForDeploymentPostprocessing = 0;
		};
/* End PBXSourcesBuildPhase section */

/* Begin PBXVariantGroup section */
		2884A3D426DA35FB004596C3 /* Main.storyboard */ = {
			isa = PBXVariantGroup;
			children = (
				2884A3D526DA35FB004596C3 /* Base */,
			);
			name = Main.storyboard;
			sourceTree = "<group>";
		};
		2884A3D926DA3600004596C3 /* LaunchScreen.storyboard */ = {
			isa = PBXVariantGroup;
			children = (
				2884A3DA26DA3600004596C3 /* Base */,
			);
			name = LaunchScreen.storyboard;
			sourceTree = "<group>";
		};
/* End PBXVariantGroup section */

/* Begin XCBuildConfiguration section */
		2884A3DD26DA3600004596C3 /* Debug */ = {
			isa = XCBuildConfiguration;
			buildSettings = {
				ALWAYS_SEARCH_USER_PATHS = NO;
				CLANG_ANALYZER_NONNULL = YES;
				CLANG_ANALYZER_NUMBER_OBJECT_CONVERSION = YES_AGGRESSIVE;
				CLANG_CXX_LANGUAGE_STANDARD = "gnu++14";
				CLANG_CXX_LIBRARY = "libc++";
				CLANG_ENABLE_MODULES = YES;
				CLANG_ENABLE_OBJC_ARC = YES;
				CLANG_ENABLE_OBJC_WEAK = YES;
				CLANG_WARN_BLOCK_CAPTURE_AUTORELEASING = YES;
				CLANG_WARN_BOOL_CONVERSION = YES;
				CLANG_WARN_COMMA = YES;
				CLANG_WARN_CONSTANT_CONVERSION = YES;
				CLANG_WARN_DEPRECATED_OBJC_IMPLEMENTATIONS = YES;
				CLANG_WARN_DIRECT_OBJC_ISA_USAGE = YES_ERROR;
				CLANG_WARN_DOCUMENTATION_COMMENTS = YES;
				CLANG_WARN_EMPTY_BODY = YES;
				CLANG_WARN_ENUM_CONVERSION = YES;
				CLANG_WARN_INFINITE_RECURSION = YES;
				CLANG_WARN_INT_CONVERSION = YES;
				CLANG_WARN_NON_LITERAL_NULL_CONVERSION = YES;
				CLANG_WARN_OBJC_IMPLICIT_RETAIN_SELF = YES;
				CLANG_WARN_OBJC_LITERAL_CONVERSION = YES;
				CLANG_WARN_OBJC_ROOT_CLASS = YES_ERROR;
				CLANG_WARN_QUOTED_INCLUDE_IN_FRAMEWORK_HEADER = YES;
				CLANG_WARN_RANGE_LOOP_ANALYSIS = YES;
				CLANG_WARN_STRICT_PROTOTYPES = YES;
				CLANG_WARN_SUSPICIOUS_MOVE = YES;
				CLANG_WARN_UNGUARDED_AVAILABILITY = YES_AGGRESSIVE;
				CLANG_WARN_UNREACHABLE_CODE = YES;
				CLANG_WARN__DUPLICATE_METHOD_MATCH = YES;
				COPY_PHASE_STRIP = NO;
				DEBUG_INFORMATION_FORMAT = dwarf;
				ENABLE_STRICT_OBJC_MSGSEND = YES;
				ENABLE_TESTABILITY = YES;
				GCC_C_LANGUAGE_STANDARD = gnu11;
				GCC_DYNAMIC_NO_PIC = NO;
				GCC_NO_COMMON_BLOCKS = YES;
				GCC_OPTIMIZATION_LEVEL = 0;
				GCC_PREPROCESSOR_DEFINITIONS = (
					"DEBUG=1",
					"$(inherited)",
				);
				GCC_WARN_64_TO_32_BIT_CONVERSION = YES;
				GCC_WARN_ABOUT_RETURN_TYPE = YES_ERROR;
				GCC_WARN_UNDECLARED_SELECTOR = YES;
				GCC_WARN_UNINITIALIZED_AUTOS = YES_AGGRESSIVE;
				GCC_WARN_UNUSED_FUNCTION = YES;
				GCC_WARN_UNUSED_VARIABLE = YES;
				IPHONEOS_DEPLOYMENT_TARGET = 14.5;
				MTL_ENABLE_DEBUG_INFO = INCLUDE_SOURCE;
				MTL_FAST_MATH = YES;
				ONLY_ACTIVE_ARCH = YES;
				SDKROOT = iphoneos;
				SWIFT_ACTIVE_COMPILATION_CONDITIONS = DEBUG;
				SWIFT_OPTIMIZATION_LEVEL = "-Onone";
			};
			name = Debug;
		};
		2884A3DE26DA3600004596C3 /* Release */ = {
			isa = XCBuildConfiguration;
			buildSettings = {
				ALWAYS_SEARCH_USER_PATHS = NO;
				CLANG_ANALYZER_NONNULL = YES;
				CLANG_ANALYZER_NUMBER_OBJECT_CONVERSION = YES_AGGRESSIVE;
				CLANG_CXX_LANGUAGE_STANDARD = "gnu++14";
				CLANG_CXX_LIBRARY = "libc++";
				CLANG_ENABLE_MODULES = YES;
				CLANG_ENABLE_OBJC_ARC = YES;
				CLANG_ENABLE_OBJC_WEAK = YES;
				CLANG_WARN_BLOCK_CAPTURE_AUTORELEASING = YES;
				CLANG_WARN_BOOL_CONVERSION = YES;
				CLANG_WARN_COMMA = YES;
				CLANG_WARN_CONSTANT_CONVERSION = YES;
				CLANG_WARN_DEPRECATED_OBJC_IMPLEMENTATIONS = YES;
				CLANG_WARN_DIRECT_OBJC_ISA_USAGE = YES_ERROR;
				CLANG_WARN_DOCUMENTATION_COMMENTS = YES;
				CLANG_WARN_EMPTY_BODY = YES;
				CLANG_WARN_ENUM_CONVERSION = YES;
				CLANG_WARN_INFINITE_RECURSION = YES;
				CLANG_WARN_INT_CONVERSION = YES;
				CLANG_WARN_NON_LITERAL_NULL_CONVERSION = YES;
				CLANG_WARN_OBJC_IMPLICIT_RETAIN_SELF = YES;
				CLANG_WARN_OBJC_LITERAL_CONVERSION = YES;
				CLANG_WARN_OBJC_ROOT_CLASS = YES_ERROR;
				CLANG_WARN_QUOTED_INCLUDE_IN_FRAMEWORK_HEADER = YES;
				CLANG_WARN_RANGE_LOOP_ANALYSIS = YES;
				CLANG_WARN_STRICT_PROTOTYPES = YES;
				CLANG_WARN_SUSPICIOUS_MOVE = YES;
				CLANG_WARN_UNGUARDED_AVAILABILITY = YES_AGGRESSIVE;
				CLANG_WARN_UNREACHABLE_CODE = YES;
				CLANG_WARN__DUPLICATE_METHOD_MATCH = YES;
				COPY_PHASE_STRIP = NO;
				DEBUG_INFORMATION_FORMAT = "dwarf-with-dsym";
				ENABLE_NS_ASSERTIONS = NO;
				ENABLE_STRICT_OBJC_MSGSEND = YES;
				GCC_C_LANGUAGE_STANDARD = gnu11;
				GCC_NO_COMMON_BLOCKS = YES;
				GCC_WARN_64_TO_32_BIT_CONVERSION = YES;
				GCC_WARN_ABOUT_RETURN_TYPE = YES_ERROR;
				GCC_WARN_UNDECLARED_SELECTOR = YES;
				GCC_WARN_UNINITIALIZED_AUTOS = YES_AGGRESSIVE;
				GCC_WARN_UNUSED_FUNCTION = YES;
				GCC_WARN_UNUSED_VARIABLE = YES;
				IPHONEOS_DEPLOYMENT_TARGET = 14.5;
				MTL_ENABLE_DEBUG_INFO = NO;
				MTL_FAST_MATH = YES;
				SDKROOT = iphoneos;
				SWIFT_COMPILATION_MODE = wholemodule;
				SWIFT_OPTIMIZATION_LEVEL = "-O";
				VALIDATE_PRODUCT = YES;
			};
			name = Release;
		};
		2884A3E026DA3600004596C3 /* Debug */ = {
			isa = XCBuildConfiguration;
			buildSettings = {
				ASSETCATALOG_COMPILER_APPICON_NAME = AppIcon;
				ASSETCATALOG_COMPILER_GLOBAL_ACCENT_COLOR_NAME = AccentColor;
				CODE_SIGN_STYLE = Automatic;
				DEVELOPMENT_TEAM = 693WY75AQY;
				INFOPLIST_FILE = profileWithPlist/Info.plist;
				LD_RUNPATH_SEARCH_PATHS = (
					"$(inherited)",
					"@executable_path/Frameworks",
				);
				PRODUCT_BUNDLE_IDENTIFIER = retepgunj.profileWithPlist;
				PRODUCT_NAME = "$(TARGET_NAME)";
				SWIFT_VERSION = 5.0;
				TARGETED_DEVICE_FAMILY = "1,2";
			};
			name = Debug;
		};
		2884A3E126DA3600004596C3 /* Release */ = {
			isa = XCBuildConfiguration;
			buildSettings = {
				ASSETCATALOG_COMPILER_APPICON_NAME = AppIcon;
				ASSETCATALOG_COMPILER_GLOBAL_ACCENT_COLOR_NAME = AccentColor;
				CODE_SIGN_STYLE = Automatic;
				DEVELOPMENT_TEAM = 693WY75AQY;
				INFOPLIST_FILE = profileWithPlist/Info.plist;
				LD_RUNPATH_SEARCH_PATHS = (
					"$(inherited)",
					"@executable_path/Frameworks",
				);
				PRODUCT_BUNDLE_IDENTIFIER = retepgunj.profileWithPlist;
				PRODUCT_NAME = "$(TARGET_NAME)";
				SWIFT_VERSION = 5.0;
				TARGETED_DEVICE_FAMILY = "1,2";
			};
			name = Release;
		};
/* End XCBuildConfiguration section */

/* Begin XCConfigurationList section */
		2884A3C626DA35FB004596C3 /* Build configuration list for PBXProject "profileWithPlist" */ = {
			isa = XCConfigurationList;
			buildConfigurations = (
				2884A3DD26DA3600004596C3 /* Debug */,
				2884A3DE26DA3600004596C3 /* Release */,
			);
			defaultConfigurationIsVisible = 0;
			defaultConfigurationName = Release;
		};
		2884A3DF26DA3600004596C3 /* Build configuration list for PBXNativeTarget "profileWithPlist" */ = {
			isa = XCConfigurationList;
			buildConfigurations = (
				2884A3E026DA3600004596C3 /* Debug */,
				2884A3E126DA3600004596C3 /* Release */,
			);
			defaultConfigurationIsVisible = 0;
			defaultConfigurationName = Release;
		};
/* End XCConfigurationList section */
	};
	rootObject = 2884A3C326DA35FB004596C3 /* Project object */;
}
